[root]
name = "restfulOS"
version = "0.1.0"
dependencies = [
 "bit_field 0.7.0 (registry+https://github.com/rust-lang/crates.io-index)",
 "bitflags 0.7.0 (registry+https://github.com/rust-lang/crates.io-index)",
 "hole_list_allocator 0.1.0",
 "lazy_static 0.2.5 (registry+https://github.com/rust-lang/crates.io-index)",
 "multiboot2 0.1.0 (registry+https://github.com/rust-lang/crates.io-index)",
 "once 0.3.2 (registry+https://github.com/rust-lang/crates.io-index)",
 "rlibc 0.1.5 (registry+https://github.com/rust-lang/crates.io-index)",
 "spin 0.4.5 (registry+https://github.com/rust-lang/crates.io-index)",
 "volatile 0.1.0 (registry+https://github.com/rust-lang/crates.io-index)",
 "x86_64 0.1.2 (registry+https://github.com/rust-lang/crates.io-index)",
]

[[package]]
name = "bit_field"
version = "0.7.0"
source = "registry+https://github.com/rust-lang/crates.io-index"

[[package]]
name = "bitflags"
version = "0.4.0"
source = "registry+https://github.com/rust-lang/crates.io-index"

[[package]]
name = "bitflags"
version = "0.7.0"
source = "registry+https://github.com/rust-lang/crates.io-index"

[[package]]
name = "hole_list_allocator"
version = "0.1.0"
dependencies = [
 "lazy_static 0.2.5 (registry+https://github.com/rust-lang/crates.io-index)",
 "linked_list_allocator 0.2.5 (registry+https://github.com/rust-lang/crates.io-index)",
 "spin 0.4.5 (registry+https://github.com/rust-lang/crates.io-index)",
]

[[package]]
name = "lazy_static"
version = "0.2.5"
source = "registry+https://github.com/rust-lang/crates.io-index"
dependencies = [
 "spin 0.4.5 (registry+https://github.com/rust-lang/crates.io-index)",
]

[[package]]
name = "linked_list_allocator"
version = "0.2.5"
source = "registry+https://github.com/rust-lang/crates.io-index"

[[package]]
name = "multiboot2"
version = "0.1.0"
source = "registry+https://github.com/rust-lang/crates.io-index"
dependencies = [
 "bitflags 0.4.0 (registry+https://github.com/rust-lang/crates.io-index)",
]

[[package]]
name = "once"
version = "0.3.2"
source = "registry+https://github.com/rust-lang/crates.io-index"

[[package]]
name = "rlibc"
version = "0.1.5"
source = "registry+https://github.com/rust-lang/crates.io-index"

[[package]]
name = "spin"
version = "0.4.5"
source = "registry+https://github.com/rust-lang/crates.io-index"

[[package]]
name = "volatile"
version = "0.1.0"
source = "registry+https://github.com/rust-lang/crates.io-index"

[[package]]
name = "x86_64"
version = "0.1.2"
source = "registry+https://github.com/rust-lang/crates.io-index"
dependencies = [
 "bit_field 0.7.0 (registry+https://github.com/rust-lang/crates.io-index)",
]

[metadata]
"checksum bit_field 0.7.0 (registry+https://github.com/rust-lang/crates.io-index)" = "ff91a64014e1bc53bf643920f2c9ab5f0980d92a0948295f3ee550e9266849ad"
"checksum bitflags 0.4.0 (registry+https://github.com/rust-lang/crates.io-index)" = "8dead7461c1127cf637931a1e50934eb6eee8bff2f74433ac7909e9afcee04a3"
"checksum bitflags 0.7.0 (registry+https://github.com/rust-lang/crates.io-index)" = "aad18937a628ec6abcd26d1489012cc0e18c21798210f491af69ded9b881106d"
"checksum lazy_static 0.2.5 (registry+https://github.com/rust-lang/crates.io-index)" = "4732c563b9a21a406565c4747daa7b46742f082911ae4753f390dc9ec7ee1a97"
"checksum linked_list_allocator 0.2.5 (registry+https://github.com/rust-lang/crates.io-index)" = "ad1399b725177d144e05de0fbcc522de2c21ac07001d3efe916ca408980a04ee"
"checksum multiboot2 0.1.0 (registry+https://github.com/rust-lang/crates.io-index)" = "b209a4456a3cc81fb69ad318ed6d47af81a90b829701f151354e3994d8b216d4"
"checksum once 0.3.2 (registry+https://github.com/rust-lang/crates.io-index)" = "1ae5868dd493edd93941c182240a2c019dfe84c7d2de51d4659da32e58688ce9"
"checksum rlibc 0.1.5 (registry+https://github.com/rust-lang/crates.io-index)" = "4f725fa0be00ed4a869c61f1adb156b629bb6c8d97f2ee4d0644bba1ce33b04b"
"checksum spin 0.4.5 (registry+https://github.com/rust-lang/crates.io-index)" = "1d16a26e2b789f86aabddbe91cb82ee2e822beb8a59840d631941b625ef77e53"
"checksum volatile 0.1.0 (registry+https://github.com/rust-lang/crates.io-index)" = "37c5d76c0f40ba4f8ac10ec4717d4e98ce3e58c5607eea36e9464226fc5e0a95"
"checksum x86_64 0.1.2 (registry+https://github.com/rust-lang/crates.io-index)" = "73464a8ba159d4fdbfdbea0911c9d06887a4dbbb0f0521742c545f3e11bc8ea4"
