# This file is automatically @generated by Cargo.
# It is not intended for manual editing.
version = 3

[[package]]
name = "ahash"
version = "0.4.7"
source = "registry+https://github.com/rust-lang/crates.io-index"
checksum = "739f4a8db6605981345c5654f3a85b056ce52f37a39d34da03f25bf2151ea16e"

[[package]]
name = "apic"
version = "0.1.0"
dependencies = [
 "atomic",
 "atomic_linked_list",
 "bit_field",
 "irq_safety",
 "kernel_config",
 "lazy_static",
 "log",
 "memory",
 "owning_ref",
 "pit_clock",
 "raw-cpuid",
 "spin 0.9.0",
 "static_assertions",
 "volatile",
 "x86_64",
 "zerocopy",
]

[[package]]
name = "atomic"
version = "0.5.0"
source = "registry+https://github.com/rust-lang/crates.io-index"
checksum = "c3410529e8288c463bedb5930f82833bc0c90e5d2fe639a56582a4d09220b281"
dependencies = [
 "autocfg",
]

[[package]]
name = "atomic_linked_list"
version = "0.1.0"

[[package]]
name = "autocfg"
version = "1.0.1"
source = "registry+https://github.com/rust-lang/crates.io-index"
checksum = "cdb031dd78e28731d87d56cc8ffef4a8f36ca26c38fe2de700543e627f8a464a"

[[package]]
name = "core2"
version = "0.2.1"
source = "registry+https://github.com/rust-lang/crates.io-index"
checksum = "dec6ec4815d7aacd0be4ec053ef9e2883b22f79b29f9bd2ef3f79003e3ee7c9d"
dependencies = [
 "memchr",
]

[[package]]
name = "bit_field"
version = "0.7.0"
source = "registry+https://github.com/rust-lang/crates.io-index"
checksum = "ff91a64014e1bc53bf643920f2c9ab5f0980d92a0948295f3ee550e9266849ad"

[[package]]
name = "bitflags"
version = "1.2.1"
source = "registry+https://github.com/rust-lang/crates.io-index"
checksum = "cf1de2fe8c75bc145a2f577add951f8134889b4795d47466a54a5c846d691693"

[[package]]
name = "block_allocator"
version = "0.1.0"
dependencies = [
 "linked_list_allocator",
]

[[package]]
name = "byteorder"
version = "1.4.3"
source = "registry+https://github.com/rust-lang/crates.io-index"
checksum = "14c189c53d098945499cdfa7ecc63567cf3886b3332b312a5b4585d8d3a6a610"

[[package]]
name = "cbitset"
version = "0.2.0"
source = "registry+https://github.com/rust-lang/crates.io-index"
checksum = "29b6ad25ae296159fb0da12b970b2fe179b234584d7cd294c891e2bbb284466b"
dependencies = [
 "num-traits",
]

[[package]]
name = "cc"
version = "1.0.67"
source = "registry+https://github.com/rust-lang/crates.io-index"
checksum = "e3c69b077ad434294d3ce9f1f6143a2a4b89a8a2d54ef813d85003a4fd1137fd"

[[package]]
name = "cfg-if"
version = "0.1.10"
source = "registry+https://github.com/rust-lang/crates.io-index"
checksum = "4785bdd1c96b2a846b2bd7cc02e86b6b3dbf14e7e53446c4f54c92a361040822"

[[package]]
name = "cfg-if"
version = "1.0.0"
source = "registry+https://github.com/rust-lang/crates.io-index"
checksum = "baf1de4339761588bc0619e3cbc0120ee582ebb74b53b4efbf79117bd2da40fd"

[[package]]
name = "context_switch"
version = "0.1.0"
dependencies = [
 "cfg-if 0.1.10",
 "context_switch_avx",
 "context_switch_regular",
 "context_switch_sse",
]

[[package]]
name = "context_switch_avx"
version = "0.1.0"
dependencies = [
 "context_switch_regular",
 "zerocopy",
]

[[package]]
name = "context_switch_regular"
version = "0.1.0"
dependencies = [
 "zerocopy",
]

[[package]]
name = "context_switch_sse"
version = "0.1.0"
dependencies = [
 "context_switch_regular",
 "zerocopy",
]

[[package]]
name = "convert_case"
version = "0.4.0"
source = "registry+https://github.com/rust-lang/crates.io-index"
checksum = "6245d59a3e82a7fc217c5828a6692dbc6dfb63a0c8c90495621f7b9d79704a0e"

[[package]]
name = "cow_arc"
version = "0.1.0"
dependencies = [
 "owning_ref",
 "spin 0.9.0",
]

[[package]]
name = "crate_metadata"
version = "0.1.0"
dependencies = [
 "cow_arc",
 "fs_node",
 "goblin",
 "hashbrown",
 "log",
 "memory",
 "spin 0.9.0",
 "xmas-elf",
]

[[package]]
name = "crate_name_utils"
version = "0.1.0"
dependencies = [
 "crate_metadata",
 "itertools",
 "path",
]

[[package]]
name = "cstr_core"
version = "0.2.3"
source = "registry+https://github.com/rust-lang/crates.io-index"
checksum = "2807c5e92588b6bf1c8c0354af2a4f079d0586c683df322aea719d5dc9b8d5bb"
dependencies = [
 "cty",
 "memchr",
]

[[package]]
name = "cty"
version = "0.2.1"
source = "registry+https://github.com/rust-lang/crates.io-index"
checksum = "7313c0d620d0cb4dbd9d019e461a4beb501071ff46ec0ab933efb4daa76d73e3"

[[package]]
name = "derive_more"
version = "0.99.16"
source = "registry+https://github.com/rust-lang/crates.io-index"
checksum = "40eebddd2156ce1bb37b20bbe5151340a31828b1f2d22ba4141f3531710e38df"
dependencies = [
 "convert_case",
 "proc-macro2",
 "quote",
 "rustc_version 0.3.3",
 "syn",
]

[[package]]
name = "either"
version = "1.6.1"
source = "registry+https://github.com/rust-lang/crates.io-index"
checksum = "e78d4f1cc4ae33bbfc157ed5d5a5ef3bc29227303d595861deb238fcec4e9457"

[[package]]
name = "entryflags_x86_64"
version = "0.1.0"
dependencies = [
 "bitflags",
 "multiboot2",
 "static_assertions",
 "xmas-elf",
]

[[package]]
name = "environment"
version = "0.1.0"
dependencies = [
 "fs_node",
 "root",
]

[[package]]
name = "frame_allocator"
version = "0.1.0"
dependencies = [
 "intrusive-collections",
 "kernel_config",
 "log",
 "memory_structs",
 "page_table_entry",
 "spin 0.9.0",
 "static_assertions",
]

[[package]]
name = "fs_node"
version = "0.1.0"
dependencies = [
 "lazy_static",
 "log",
 "memory",
 "spin 0.9.0",
 "x86_64",
]

[[package]]
name = "goblin"
version = "0.0.19"
source = "registry+https://github.com/rust-lang/crates.io-index"
checksum = "c65cd533b33e3d04c6e393225fa8919ddfcf5862ca8919c7f9a167c312ef41c2"
dependencies = [
 "plain",
 "scroll",
]

[[package]]
name = "hashbrown"
version = "0.9.1"
source = "registry+https://github.com/rust-lang/crates.io-index"
checksum = "d7afe4a420e3fe79967a00898cc1f4db7c8a49a9333a29f8a4bd76a253d5cd04"
dependencies = [
 "ahash",
]

[[package]]
name = "heap"
version = "0.1.0"
dependencies = [
 "block_allocator",
 "irq_safety",
 "kernel_config",
 "log",
 "memory",
 "spin 0.9.0",
]

[[package]]
name = "intrusive-collections"
version = "0.9.0"
source = "registry+https://github.com/rust-lang/crates.io-index"
checksum = "4bca8c0bb831cd60d4dda79a58e3705ca6eb47efb65d665651a8d672213ec3db"
dependencies = [
 "memoffset",
]

[[package]]
name = "irq_safety"
version = "0.1.1"
source = "git+https://github.com/theseus-os/irq_safety#253d482f1c1192181f6db1e12296edab00661095"
dependencies = [
 "owning_ref",
 "spin 0.9.0",
 "stable_deref_trait",
]

[[package]]
name = "itertools"
version = "0.7.11"
source = "registry+https://github.com/rust-lang/crates.io-index"
checksum = "0d47946d458e94a1b7bcabbf6521ea7c037062c81f534615abcad76e84d4970d"
dependencies = [
 "either",
]

[[package]]
name = "kernel_config"
version = "0.1.0"

[[package]]
name = "lazy_static"
version = "1.2.0"
source = "registry+https://github.com/rust-lang/crates.io-index"
checksum = "a374c89b9db55895453a74c1e38861d9deec0b01b405a82516e9d5de4820dea1"
dependencies = [
 "spin 0.4.10",
]

[[package]]
name = "libc"
version = "0.2.89"
source = "registry+https://github.com/rust-lang/crates.io-index"
checksum = "538c092e5586f4cdd7dd8078c4a79220e3e168880218124dcbce860f0ea938c6"

[[package]]
name = "linked_list_allocator"
version = "0.8.6"
source = "registry+https://github.com/rust-lang/crates.io-index"
checksum = "84565678e403453d1a27a0886882b3b271701e65146d972d9d7d9a4c4a0ff498"

[[package]]
name = "lock_api"
version = "0.4.3"
source = "registry+https://github.com/rust-lang/crates.io-index"
checksum = "5a3c91c24eae6777794bb1997ad98bbb87daf92890acab859f7eaa4320333176"
dependencies = [
 "scopeguard",
]

[[package]]
name = "log"
version = "0.4.14"
source = "registry+https://github.com/rust-lang/crates.io-index"
checksum = "51b9bbe6c47d51fc3e1a9b945965946b4c44142ab8792c50835a980d362c2710"
dependencies = [
 "cfg-if 1.0.0",
]

[[package]]
name = "memchr"
version = "2.3.4"
source = "registry+https://github.com/rust-lang/crates.io-index"
checksum = "0ee1c47aaa256ecabcaea351eae4a9b01ef39ed810004e298d2511ed284b1525"

[[package]]
name = "memfs"
version = "0.1.0"
dependencies = [
 "fs_node",
 "irq_safety",
 "log",
 "memory",
 "spin 0.9.0",
 "x86_64",
]

[[package]]
name = "memoffset"
version = "0.5.6"
source = "registry+https://github.com/rust-lang/crates.io-index"
checksum = "043175f069eda7b85febe4a74abbaeff828d9f8b448515d3151a14a3542811aa"
dependencies = [
 "autocfg",
]

[[package]]
name = "memory"
version = "0.1.0"
dependencies = [
 "atomic_linked_list",
 "bit_field",
 "bitflags",
 "frame_allocator",
 "irq_safety",
 "kernel_config",
 "lazy_static",
 "log",
 "memory_structs",
 "memory_x86_64",
 "multiboot2",
 "page_allocator",
 "page_table_entry",
 "spin 0.9.0",
 "x86_64",
 "xmas-elf",
 "zerocopy",
]

[[package]]
name = "memory_initialization"
version = "0.1.0"
dependencies = [
 "heap",
 "irq_safety",
 "kernel_config",
 "log",
 "memory",
 "multiboot2",
 "stack",
]

[[package]]
name = "memory_structs"
version = "0.1.0"
dependencies = [
 "bit_field",
 "derive_more",
 "entryflags_x86_64",
 "kernel_config",
 "multiboot2",
 "xmas-elf",
 "zerocopy",
]

[[package]]
name = "memory_x86_64"
version = "0.1.0"
dependencies = [
 "entryflags_x86_64",
 "kernel_config",
 "log",
 "memory_structs",
 "multiboot2",
 "x86_64",
]

[[package]]
name = "mod_mgmt"
version = "0.1.0"
dependencies = [
 "cow_arc",
 "crate_metadata",
 "crate_name_utils",
 "cstr_core",
 "fs_node",
 "hashbrown",
 "kernel_config",
 "log",
 "memfs",
 "memory",
 "memory_initialization",
 "path",
 "qp-trie",
 "root",
 "rustc-demangle",
 "spin 0.9.0",
 "util",
 "vfs_node",
 "xmas-elf",
]

[[package]]
name = "multiboot2"
version = "0.10.1"
source = "registry+https://github.com/rust-lang/crates.io-index"
checksum = "13e9fc890ff2ef2ded9084c964b950da1bc9e26d480e446ae721607b899db1fd"
dependencies = [
 "bitflags",
]

[[package]]
name = "new_debug_unreachable"
version = "1.0.4"
source = "registry+https://github.com/rust-lang/crates.io-index"
checksum = "e4a24736216ec316047a1fc4252e27dabb04218aa4a3f37c6e7ddbf1f9782b54"

[[package]]
name = "num-traits"
version = "0.2.14"
source = "registry+https://github.com/rust-lang/crates.io-index"
checksum = "9a64b1ec5cda2586e284722486d802acf1f7dbdc623e2bfc57e65ca1cd099290"
dependencies = [
 "autocfg",
]

[[package]]
name = "owning_ref"
version = "0.4.1"
source = "git+https://github.com/theseus-os/owning-ref-rs.git#0d2dcdcffd75b80157d0e72fb82593a8696a9c49"
dependencies = [
 "spin 0.9.0",
 "stable_deref_trait",
]

[[package]]
name = "page_allocator"
version = "0.1.0"
dependencies = [
 "intrusive-collections",
 "kernel_config",
 "log",
 "memory_structs",
 "spin 0.9.0",
 "static_assertions",
]

[[package]]
name = "page_table_entry"
version = "0.1.0"
dependencies = [
 "bit_field",
 "kernel_config",
 "memory_structs",
 "zerocopy",
]

[[package]]
name = "path"
version = "0.1.0"
dependencies = [
 "fs_node",
 "lazy_static",
 "log",
 "root",
 "spin 0.9.0",
 "vfs_node",
 "x86_64",
]

[[package]]
name = "pest"
version = "2.1.3"
source = "registry+https://github.com/rust-lang/crates.io-index"
checksum = "10f4872ae94d7b90ae48754df22fd42ad52ce740b8f370b03da4835417403e53"
dependencies = [
 "ucd-trie",
]

[[package]]
name = "pit_clock"
version = "0.1.0"
dependencies = [
 "log",
 "port_io",
 "spin 0.9.0",
 "x86_64",
]

[[package]]
name = "plain"
version = "0.2.3"
source = "registry+https://github.com/rust-lang/crates.io-index"
checksum = "b4596b6d070b27117e987119b4dac604f3c58cfb0b191112e24771b2faeac1a6"

[[package]]
name = "port_io"
version = "0.2.1"

[[package]]
name = "proc-macro2"
version = "1.0.24"
source = "registry+https://github.com/rust-lang/crates.io-index"
checksum = "1e0704ee1a7e00d7bb417d0770ea303c1bccbabf0ef1667dae92b5967f5f8a71"
dependencies = [
 "unicode-xid",
]

[[package]]
name = "qp-trie"
version = "0.7.3"
source = "git+https://github.com/theseus-os/qp-trie-rs#847923565622e909795bfc96309bc69ed4aa6689"
dependencies = [
 "new_debug_unreachable",
 "unreachable",
]

[[package]]
name = "quote"
version = "1.0.9"
source = "registry+https://github.com/rust-lang/crates.io-index"
checksum = "c3d0b9745dc2debf507c8422de05d7226cc1f0644216dfdfead988f9b1ab32a7"
dependencies = [
 "proc-macro2",
]

[[package]]
name = "raw-cpuid"
version = "7.0.4"
source = "registry+https://github.com/rust-lang/crates.io-index"
checksum = "beb71f708fe39b2c5e98076204c3cc094ee5a4c12c4cdb119a2b72dc34164f41"
dependencies = [
 "bitflags",
 "cc",
 "rustc_version 0.2.3",
]

[[package]]
name = "root"
version = "0.1.0"
dependencies = [
 "fs_node",
 "lazy_static",
 "log",
 "spin 0.9.0",
 "x86_64",
]

[[package]]
name = "rustc-demangle"
version = "0.1.19"
source = "registry+https://github.com/rust-lang/crates.io-index"
checksum = "410f7acf3cb3a44527c5d9546bad4bf4e6c460915d5f9f2fc524498bfe8f70ce"

[[package]]
name = "rustc_version"
version = "0.2.3"
source = "registry+https://github.com/rust-lang/crates.io-index"
checksum = "138e3e0acb6c9fb258b19b67cb8abd63c00679d2851805ea151465464fe9030a"
dependencies = [
 "semver 0.9.0",
]

[[package]]
name = "rustc_version"
version = "0.3.3"
source = "registry+https://github.com/rust-lang/crates.io-index"
checksum = "f0dfe2087c51c460008730de8b57e6a320782fbfb312e1f4d520e6c6fae155ee"
dependencies = [
 "semver 0.11.0",
]

[[package]]
name = "scopeguard"
version = "1.1.0"
source = "registry+https://github.com/rust-lang/crates.io-index"
checksum = "d29ab0c6d3fc0ee92fe66e2d99f700eab17a8d57d1c1d3b748380fb20baa78cd"

[[package]]
name = "scroll"
version = "0.9.2"
source = "registry+https://github.com/rust-lang/crates.io-index"
checksum = "2f84d114ef17fd144153d608fba7c446b0145d038985e7a8cc5d08bb0ce20383"
dependencies = [
 "rustc_version 0.2.3",
]

[[package]]
name = "semver"
version = "0.9.0"
source = "registry+https://github.com/rust-lang/crates.io-index"
checksum = "1d7eb9ef2c18661902cc47e535f9bc51b78acd254da71d375c2f6720d9a40403"
dependencies = [
 "semver-parser 0.7.0",
]

[[package]]
name = "semver"
version = "0.11.0"
source = "registry+https://github.com/rust-lang/crates.io-index"
checksum = "f301af10236f6df4160f7c3f04eec6dbc70ace82d23326abad5edee88801c6b6"
dependencies = [
 "semver-parser 0.10.2",
]

[[package]]
name = "semver-parser"
version = "0.7.0"
source = "registry+https://github.com/rust-lang/crates.io-index"
checksum = "388a1df253eca08550bef6c72392cfe7c30914bf41df5269b68cbd6ff8f570a3"

[[package]]
name = "semver-parser"
version = "0.10.2"
source = "registry+https://github.com/rust-lang/crates.io-index"
checksum = "00b0bef5b7f9e0df16536d3961cfb6e84331c065b4066afb39768d0e319411f7"
dependencies = [
 "pest",
]

[[package]]
name = "spin"
version = "0.4.10"
source = "registry+https://github.com/rust-lang/crates.io-index"
checksum = "ceac490aa12c567115b40b7b7fceca03a6c9d53d5defea066123debc83c5dc1f"

[[package]]
name = "spin"
version = "0.9.0"
source = "git+https://github.com/theseus-os/spin-rs#8770942ba1790fa536f659e4e07548f0e5da2eb6"
dependencies = [
 "lock_api",
]

[[package]]
name = "stable_deref_trait"
version = "1.1.1"
source = "git+https://github.com/theseus-os/stable_deref_trait.git?branch=spin#e006c79280042e27c4f16c7d29633eb2273752ee"
dependencies = [
 "spin 0.9.0",
]

[[package]]
name = "stack"
version = "0.1.0"
dependencies = [
 "kernel_config",
 "log",
 "memory",
 "memory_structs",
 "page_allocator",
 "spin 0.9.0",
]

[[package]]
name = "static_assertions"
version = "1.1.0"
source = "registry+https://github.com/rust-lang/crates.io-index"
checksum = "a2eb9349b6444b326872e140eb1cf5e7c522154d69e7a0ffb0fb81c06b37543f"

[[package]]
name = "syn"
version = "1.0.64"
source = "registry+https://github.com/rust-lang/crates.io-index"
checksum = "3fd9d1e9976102a03c542daa2eff1b43f9d72306342f3f8b3ed5fb8908195d6f"
dependencies = [
 "proc-macro2",
 "quote",
 "unicode-xid",
]

[[package]]
name = "synstructure"
version = "0.12.4"
source = "registry+https://github.com/rust-lang/crates.io-index"
checksum = "b834f2d66f734cb897113e34aaff2f1ab4719ca946f9a7358dba8f8064148701"
dependencies = [
 "proc-macro2",
 "quote",
 "syn",
 "unicode-xid",
]

[[package]]
name = "task"
version = "0.1.0"
dependencies = [
 "context_switch",
 "environment",
 "irq_safety",
 "kernel_config",
 "lazy_static",
 "log",
 "memory",
 "mod_mgmt",
 "root",
 "spin 0.9.0",
 "stack",
 "tss",
 "x86_64",
]

[[package]]
name = "tlibc"
version = "0.1.0"
dependencies = [
 "core2",
 "cbitset",
 "cstr_core",
 "lazy_static",
 "libc",
 "log",
 "memchr",
 "memory",
 "spin 0.9.0",
 "task",
]

[[package]]
name = "tss"
version = "0.1.0"
dependencies = [
 "apic",
 "atomic_linked_list",
 "lazy_static",
 "log",
 "memory",
 "spin 0.9.0",
 "x86_64",
]

[[package]]
name = "ucd-trie"
version = "0.1.3"
source = "registry+https://github.com/rust-lang/crates.io-index"
checksum = "56dee185309b50d1f11bfedef0fe6d036842e3fb77413abef29f8f8d1c5d4c1c"

[[package]]
name = "unicode-xid"
version = "0.2.1"
source = "registry+https://github.com/rust-lang/crates.io-index"
checksum = "f7fe0bb3479651439c9112f72b6c505038574c9fbb575ed1bf3b797fa39dd564"

[[package]]
name = "unreachable"
version = "1.0.0"
source = "registry+https://github.com/rust-lang/crates.io-index"
checksum = "382810877fe448991dfc7f0dd6e3ae5d58088fd0ea5e35189655f84e6814fa56"
dependencies = [
 "void",
]

[[package]]
name = "util"
version = "0.1.0"

[[package]]
name = "vfs_node"
version = "0.1.0"
dependencies = [
 "fs_node",
 "log",
 "memory",
 "spin 0.9.0",
 "x86_64",
]

[[package]]
name = "void"
version = "1.0.2"
source = "registry+https://github.com/rust-lang/crates.io-index"
checksum = "6a02e4885ed3bc0f2de90ea6dd45ebcbb66dacffe03547fadbb0eeae2770887d"

[[package]]
name = "volatile"
version = "0.2.7"
source = "git+https://github.com/theseus-os/volatile#73a307a2906c9f67fa4b951ce858d642c2fa669b"
dependencies = [
 "zerocopy",
]

[[package]]
name = "x86_64"
version = "0.1.2"
dependencies = [
 "bit_field",
 "bitflags",
 "irq_safety",
]

[[package]]
name = "xmas-elf"
version = "0.6.2"
source = "git+https://github.com/theseus-os/xmas-elf.git#635d55f6886ae3fe0ec8a78e0bcc1238224c903d"
dependencies = [
 "zero",
]

[[package]]
name = "zero"
version = "0.1.3"
source = "git+https://github.com/theseus-os/zero.git#9fc7ff523138a21f40359b706d2d6bf91deafc62"

[[package]]
name = "zerocopy"
version = "0.5.0"
source = "registry+https://github.com/rust-lang/crates.io-index"
checksum = "5e59ec1d2457bd6c0dd89b50e7d9d6b0b647809bf3f0a59ac85557046950b7b2"
dependencies = [
 "byteorder",
 "zerocopy-derive",
]

[[package]]
name = "zerocopy-derive"
version = "0.3.0"
source = "registry+https://github.com/rust-lang/crates.io-index"
checksum = "0af017aca1fa6181f5dd7a802456fe6f7666ecdcc18d0910431f0fc89d474e51"
dependencies = [
 "proc-macro2",
 "syn",
 "synstructure",
]

[[patch.unused]]
name = "getopts"
version = "0.2.21"
source = "git+https://github.com/theseus-os/getopts#da1e04828d3ecd6adc90e2da61e2e3cccc7ca97c"

[[patch.unused]]
name = "smoltcp"
version = "0.7.0"
source = "git+https://github.com/m-labs/smoltcp#785e17bb73b10510ded4a98a932d1070226d15e9"
