# This file is automatically @generated by Cargo.
# It is not intended for manual editing.
version = 3

[[package]]
name = "ahash"
version = "0.7.6"
source = "registry+https://github.com/rust-lang/crates.io-index"
checksum = "fcb51a0695d8f838b1ee009b3fbf66bda078cd64590202a864a8f3e8c4315c47"
dependencies = [
 "getrandom",
 "once_cell",
 "version_check",
]

[[package]]
name = "apic"
version = "0.1.0"
dependencies = [
 "atomic_linked_list",
 "bit_field 0.7.0",
 "crossbeam-utils",
 "derive_more",
 "kernel_config",
 "log",
 "memory",
 "msr",
 "pit_clock_basic",
 "raw-cpuid",
 "spin 0.9.4",
 "sync_irq",
 "volatile 0.2.7",
 "x86_64",
 "zerocopy",
]

[[package]]
name = "app_io"
version = "0.1.0"
dependencies = [
 "core2",
 "hashbrown",
 "lazy_static",
 "logger",
 "stdio",
 "sync_block",
 "task",
 "tty",
]

[[package]]
name = "arm_boards"
version = "0.1.0"
dependencies = [
 "cfg-if 1.0.0",
 "derive_more",
 "memory_structs",
]

[[package]]
name = "async_channel"
version = "0.1.0"
dependencies = [
 "core2",
 "crossbeam-utils",
 "debugit",
 "log",
 "mpmc",
 "sync",
 "sync_spin",
 "wait_queue",
]

[[package]]
name = "atomic_linked_list"
version = "0.1.0"

[[package]]
name = "autocfg"
version = "1.0.0"
source = "registry+https://github.com/rust-lang/crates.io-index"
checksum = "f8aac770f1885fd7e387acedd76065302551364496e46b3dd00860b2f8359b9d"

[[package]]
name = "bincode"
version = "2.0.0-rc.1"
source = "git+https://github.com/bincode-org/bincode#3a4f2991ff952535b21078d3371e112d8a1f4ab4"
dependencies = [
 "serde",
]

[[package]]
name = "bit_field"
version = "0.7.0"
source = "registry+https://github.com/rust-lang/crates.io-index"
checksum = "ff91a64014e1bc53bf643920f2c9ab5f0980d92a0948295f3ee550e9266849ad"

[[package]]
name = "bit_field"
version = "0.10.1"
source = "registry+https://github.com/rust-lang/crates.io-index"
checksum = "dcb6dd1c2376d2e096796e234a70e17e94cc2d5d54ff8ce42b28cef1d0d359a4"

[[package]]
name = "bitflags"
version = "1.3.2"
source = "registry+https://github.com/rust-lang/crates.io-index"
checksum = "bef38d45163c2f1dde094a7dfd33ccf595c92905c8f8f4fdc18d06fb1037718a"

[[package]]
name = "block_allocator"
version = "0.1.0"
dependencies = [
 "linked_list_allocator",
]

[[package]]
name = "boot_info"
version = "0.1.0"
dependencies = [
 "bitflags",
 "kernel_config",
 "memory_structs",
]

[[package]]
name = "bootloader_modules"
version = "0.1.0"
dependencies = [
 "memory_structs",
]

[[package]]
name = "byteorder"
version = "1.4.3"
source = "registry+https://github.com/rust-lang/crates.io-index"
checksum = "14c189c53d098945499cdfa7ecc63567cf3886b3332b312a5b4585d8d3a6a610"

[[package]]
name = "cbitset"
version = "0.2.0"
source = "registry+https://github.com/rust-lang/crates.io-index"
checksum = "29b6ad25ae296159fb0da12b970b2fe179b234584d7cd294c891e2bbb284466b"
dependencies = [
 "num-traits",
]

[[package]]
name = "cc"
version = "1.0.71"
source = "registry+https://github.com/rust-lang/crates.io-index"
checksum = "79c2681d6594606957bbb8631c4b90a7fcaaa72cdb714743a437b156d6a7eedd"

[[package]]
name = "cfg-if"
version = "0.1.10"
source = "registry+https://github.com/rust-lang/crates.io-index"
checksum = "4785bdd1c96b2a846b2bd7cc02e86b6b3dbf14e7e53446c4f54c92a361040822"

[[package]]
name = "cfg-if"
version = "1.0.0"
source = "registry+https://github.com/rust-lang/crates.io-index"
checksum = "baf1de4339761588bc0619e3cbc0120ee582ebb74b53b4efbf79117bd2da40fd"

[[package]]
name = "cls"
version = "0.1.0"
dependencies = [
 "cls_macros",
 "cortex-a",
 "irq_safety",
 "preemption",
 "tock-registers",
 "x86_64",
]

[[package]]
name = "cls_macros"
version = "0.1.0"
dependencies = [
 "convert_case 0.6.0",
 "proc-macro2",
 "quote",
 "syn 2.0.27",
]

[[package]]
name = "const_format"
version = "0.2.22"
source = "registry+https://github.com/rust-lang/crates.io-index"
checksum = "22bc6cd49b0ec407b680c3e380182b6ac63b73991cb7602de350352fc309b614"
dependencies = [
 "const_format_proc_macros",
]

[[package]]
name = "const_format_proc_macros"
version = "0.2.22"
source = "registry+https://github.com/rust-lang/crates.io-index"
checksum = "ef196d5d972878a48da7decb7686eded338b4858fbabeed513d63a7c98b2b82d"
dependencies = [
 "proc-macro2",
 "quote",
 "unicode-xid",
]

[[package]]
name = "context_switch"
version = "0.1.0"
dependencies = [
 "cfg-if 0.1.10",
 "context_switch_avx",
 "context_switch_regular",
 "context_switch_sse",
]

[[package]]
name = "context_switch_avx"
version = "0.1.0"
dependencies = [
 "context_switch_regular",
 "zerocopy",
]

[[package]]
name = "context_switch_regular"
version = "0.1.0"
dependencies = [
 "zerocopy",
]

[[package]]
name = "context_switch_sse"
version = "0.1.0"
dependencies = [
 "context_switch_regular",
 "zerocopy",
]

[[package]]
name = "convert_case"
version = "0.4.0"
source = "registry+https://github.com/rust-lang/crates.io-index"
checksum = "6245d59a3e82a7fc217c5828a6692dbc6dfb63a0c8c90495621f7b9d79704a0e"

[[package]]
name = "convert_case"
version = "0.6.0"
source = "registry+https://github.com/rust-lang/crates.io-index"
checksum = "ec182b0ca2f35d8fc196cf3404988fd8b8c739a4d270ff118a398feb0cbec1ca"
dependencies = [
 "unicode-segmentation",
]

[[package]]
name = "core2"
version = "0.4.0"
dependencies = [
 "memchr",
]

[[package]]
name = "cortex-a"
version = "7.5.0"
source = "registry+https://github.com/rust-lang/crates.io-index"
checksum = "bdecfbb28672ad3664e71ae05a398a52df430d86d660691501b28968cc4467e6"
dependencies = [
 "tock-registers",
]

[[package]]
name = "cow_arc"
version = "0.1.0"
dependencies = [
 "dereffer",
 "spin 0.9.4",
]

[[package]]
name = "cpu"
version = "0.1.0"
dependencies = [
 "apic",
 "arm_boards",
 "cortex-a",
 "derive_more",
 "sync_irq",
 "tock-registers",
]

[[package]]
name = "crate_metadata"
version = "0.1.0"
dependencies = [
 "cow_arc",
 "crate_metadata_serde",
 "fs_node",
 "goblin",
 "hashbrown",
 "log",
 "memory",
 "qp-trie",
 "serde",
 "spin 0.9.4",
 "str_ref",
 "xmas-elf",
]

[[package]]
name = "crate_metadata_serde"
version = "0.1.0"
dependencies = [
 "hashbrown",
 "serde",
]

[[package]]
name = "crate_name_utils"
version = "0.1.0"
dependencies = [
 "crate_metadata",
 "itertools",
 "path",
]

[[package]]
name = "crossbeam-utils"
version = "0.8.12"
source = "registry+https://github.com/rust-lang/crates.io-index"
checksum = "edbafec5fa1f196ca66527c1b12c2ec4745ca14b50f1ad8f9f6f720b55d11fac"
dependencies = [
 "cfg-if 1.0.0",
]

[[package]]
name = "cstr_core"
version = "0.2.3"
source = "registry+https://github.com/rust-lang/crates.io-index"
checksum = "2807c5e92588b6bf1c8c0354af2a4f079d0586c683df322aea719d5dc9b8d5bb"
dependencies = [
 "cty",
 "memchr",
]

[[package]]
name = "cty"
version = "0.2.1"
source = "registry+https://github.com/rust-lang/crates.io-index"
checksum = "7313c0d620d0cb4dbd9d019e461a4beb501071ff46ec0ab933efb4daa76d73e3"

[[package]]
name = "debugit"
version = "0.1.0"

[[package]]
name = "delegate"
version = "0.6.0"
source = "registry+https://github.com/rust-lang/crates.io-index"
checksum = "7f76f9eae170d46f87b0c34cc3b29d411dbdef329e1afd85132cece3da62edd9"
dependencies = [
 "proc-macro2",
 "quote",
 "syn 1.0.98",
]

[[package]]
name = "dereffer"
version = "0.1.0"

[[package]]
name = "derive_more"
version = "0.99.14"
source = "registry+https://github.com/rust-lang/crates.io-index"
checksum = "5cc7b9cef1e351660e5443924e4f43ab25fbbed3e9a5f052df3677deb4d6b320"
dependencies = [
 "convert_case 0.4.0",
 "proc-macro2",
 "quote",
 "syn 1.0.98",
]

[[package]]
name = "early_printer"
version = "0.1.0"
dependencies = [
 "boot_info",
 "font",
 "log",
 "memory",
 "page_attribute_table",
 "spin 0.9.4",
 "vga_buffer",
 "volatile 0.2.7",
]

[[package]]
name = "early_tls"
version = "0.1.0"
dependencies = [
 "spin 0.9.4",
 "tls_initializer",
]

[[package]]
name = "either"
version = "1.5.0"
source = "registry+https://github.com/rust-lang/crates.io-index"
checksum = "3be565ca5c557d7f59e7cfcf1844f9e3033650c929c6566f511e8005f205c1d0"

[[package]]
name = "environment"
version = "0.1.0"
dependencies = [
 "fs_node",
 "hashbrown",
 "path",
 "root",
]

[[package]]
name = "exceptions_early"
version = "0.1.0"
dependencies = [
 "early_printer",
 "gdt",
 "locked_idt",
 "memory",
 "mod_mgmt",
 "spin 0.9.4",
 "tss",
 "x86_64",
]

[[package]]
name = "external_unwind_info"
version = "0.1.0"
dependencies = [
 "log",
 "memory",
 "spin 0.9.4",
]

[[package]]
name = "fallible-iterator"
version = "0.2.0"
source = "registry+https://github.com/rust-lang/crates.io-index"
checksum = "4443176a9f2c162692bd3d352d745ef9413eec5782a80d8fd6f8a1ac692a07f7"

[[package]]
name = "fault_log"
version = "0.1.0"
dependencies = [
 "app_io",
 "cpu",
 "early_printer",
 "log",
 "memory",
 "sync_irq",
 "task",
]

[[package]]
name = "font"
version = "0.1.0"
dependencies = [
 "spin 0.9.4",
]

[[package]]
name = "frame_allocator"
version = "0.1.0"
dependencies = [
 "intrusive-collections",
 "kernel_config",
 "log",
 "memory_structs",
 "range_inclusive",
 "spin 0.9.4",
 "static_assertions",
]

[[package]]
name = "fs_node"
version = "0.1.0"
dependencies = [
 "io",
 "lazy_static",
 "log",
 "memory",
 "spin 0.9.4",
]

[[package]]
name = "gdt"
version = "0.1.0"
dependencies = [
 "atomic_linked_list",
 "bit_field 0.7.0",
 "bitflags",
 "cpu",
 "log",
 "memory",
 "spin 0.9.4",
 "tss",
 "x86_64",
]

[[package]]
name = "getrandom"
version = "0.2.4"
source = "registry+https://github.com/rust-lang/crates.io-index"
checksum = "418d37c8b1d42553c93648be529cb70f920d3baf8ef469b74b9638df426e0b4c"
dependencies = [
 "cfg-if 1.0.0",
 "libc",
 "wasi",
]

[[package]]
name = "gic"
version = "0.1.0"
dependencies = [
 "arm_boards",
 "cpu",
 "log",
 "memory",
 "static_assertions",
 "zerocopy",
]

[[package]]
name = "gimli"
version = "0.25.0"
source = "registry+https://github.com/rust-lang/crates.io-index"
checksum = "f0a01e0497841a3b2db4f8afa483cce65f7e96a3498bd6c541734792aeac8fe7"

[[package]]
name = "goblin"
version = "0.0.19"
source = "registry+https://github.com/rust-lang/crates.io-index"
checksum = "c65cd533b33e3d04c6e393225fa8919ddfcf5862ca8919c7f9a167c312ef41c2"
dependencies = [
 "plain",
 "scroll",
]

[[package]]
name = "hashbrown"
version = "0.11.2"
source = "registry+https://github.com/rust-lang/crates.io-index"
checksum = "ab5ef0d4909ef3724cc8cce6ccc8572c5c817592e9285f5464f8e86f8bd3726e"
dependencies = [
 "ahash",
 "serde",
]

[[package]]
name = "heap"
version = "0.1.0"
dependencies = [
 "block_allocator",
 "kernel_config",
 "log",
 "memory",
 "spin 0.9.4",
 "sync_irq",
]

[[package]]
name = "interrupt_controller"
version = "0.1.0"
dependencies = [
 "apic",
 "arm_boards",
 "cpu",
 "gic",
 "ioapic",
 "log",
 "memory",
 "sync_irq",
]

[[package]]
name = "interrupts"
version = "0.1.0"
dependencies = [
 "apic",
 "arm_boards",
 "cortex-a",
 "cpu",
 "early_printer",
 "exceptions_early",
 "gdt",
 "gic",
 "interrupt_controller",
 "kernel_config",
 "locked_idt",
 "log",
 "memory",
 "pic",
 "spin 0.9.4",
 "sync_irq",
 "time",
 "tock-registers",
 "tss",
 "x86_64",
]

[[package]]
name = "intrusive-collections"
version = "0.9.0"
source = "registry+https://github.com/rust-lang/crates.io-index"
checksum = "4bca8c0bb831cd60d4dda79a58e3705ca6eb47efb65d665651a8d672213ec3db"
dependencies = [
 "memoffset",
]

[[package]]
name = "io"
version = "0.1.0"
dependencies = [
 "core2",
 "delegate",
 "lazy_static",
 "lockable",
 "log",
 "spin 0.9.4",
]

[[package]]
name = "ioapic"
version = "0.1.0"
dependencies = [
 "apic",
 "atomic_linked_list",
 "log",
 "memory",
 "spin 0.9.4",
 "volatile 0.2.7",
 "zerocopy",
]

[[package]]
name = "irq_safety"
version = "0.1.1"
source = "git+https://github.com/theseus-os/irq_safety#4908fbb38aca1513572e0b4c7a98884390ef361a"
dependencies = [
 "owning_ref",
 "spin 0.9.4",
 "stable_deref_trait",
]

[[package]]
name = "itertools"
version = "0.7.11"
source = "registry+https://github.com/rust-lang/crates.io-index"
checksum = "0d47946d458e94a1b7bcabbf6521ea7c037062c81f534615abcad76e84d4970d"
dependencies = [
 "either",
]

[[package]]
name = "kernel_config"
version = "0.1.0"

[[package]]
name = "keycodes_ascii"
version = "0.1.0"
dependencies = [
 "bitflags",
 "num_enum",
]

[[package]]
name = "lazy_static"
version = "1.4.0"
source = "registry+https://github.com/rust-lang/crates.io-index"
checksum = "e2abad23fbc42b3700f2f279844dc832adb2b2eb069b2df918f455c4e18cc646"
dependencies = [
 "spin 0.5.2",
]

[[package]]
name = "libc"
version = "0.2.127"
source = "git+https://github.com/theseus-os/libc?branch=theseus#5e1da08f39d9b25c649f1152e0084585b0adf725"

[[package]]
name = "linked_list_allocator"
version = "0.9.1"
source = "registry+https://github.com/rust-lang/crates.io-index"
checksum = "549ce1740e46b291953c4340adcd74c59bcf4308f4cac050fd33ba91b7168f4a"

[[package]]
name = "lock_api"
version = "0.4.2"
source = "registry+https://github.com/rust-lang/crates.io-index"
checksum = "dd96ffd135b2fd7b973ac026d28085defbe8983df057ced3eb4f2130b0831312"
dependencies = [
 "scopeguard",
]

[[package]]
name = "lockable"
version = "0.1.0"
dependencies = [
 "spin 0.9.4",
 "sync_irq",
]

[[package]]
name = "locked_idt"
version = "0.1.0"
dependencies = [
 "sync_irq",
 "x86_64",
]

[[package]]
name = "log"
version = "0.4.8"
source = "registry+https://github.com/rust-lang/crates.io-index"
checksum = "14b6052be84e6b71ab17edffc2eeabf5c2c3ae1fdb464aae35ac50c67a44e1f7"
dependencies = [
 "cfg-if 0.1.10",
]

[[package]]
name = "logger"
version = "0.1.0"
dependencies = [
 "crossbeam-utils",
 "log",
 "serial_port_basic",
 "sync_irq",
]

[[package]]
name = "memchr"
version = "2.4.1"
source = "registry+https://github.com/rust-lang/crates.io-index"
checksum = "308cc39be01b73d0d18f82a0e7b2a3df85245f84af96fdddc5d202d27e47b86a"

[[package]]
name = "memfs"
version = "0.1.0"
dependencies = [
 "fs_node",
 "io",
 "irq_safety",
 "log",
 "memory",
 "spin 0.9.4",
]

[[package]]
name = "memoffset"
version = "0.5.6"
source = "registry+https://github.com/rust-lang/crates.io-index"
checksum = "043175f069eda7b85febe4a74abbaeff828d9f8b448515d3151a14a3542811aa"
dependencies = [
 "autocfg",
]

[[package]]
name = "memory"
version = "0.1.0"
dependencies = [
 "atomic_linked_list",
 "bit_field 0.7.0",
 "bitflags",
 "boot_info",
 "frame_allocator",
 "kernel_config",
 "lazy_static",
 "log",
 "memory_aarch64",
 "memory_structs",
 "memory_x86_64",
 "no_drop",
 "owned_borrowed_trait",
 "page_allocator",
 "page_table_entry",
 "pte_flags",
 "spin 0.9.4",
 "static_assertions",
 "sync_irq",
 "x86_64",
 "xmas-elf",
 "zerocopy",
]

[[package]]
name = "memory_aarch64"
version = "0.1.0"
dependencies = [
 "boot_info",
 "cortex-a",
 "kernel_config",
 "log",
 "memory_structs",
 "pte_flags",
 "tock-registers",
]

[[package]]
name = "memory_structs"
version = "0.1.0"
dependencies = [
 "derive_more",
 "kernel_config",
 "paste",
 "range_inclusive",
 "zerocopy",
]

[[package]]
name = "memory_x86_64"
version = "0.1.0"
dependencies = [
 "boot_info",
 "kernel_config",
 "log",
 "memory_structs",
 "pte_flags",
 "x86_64",
]

[[package]]
name = "mod_mgmt"
version = "0.1.0"
dependencies = [
 "bincode",
 "bootloader_modules",
 "const_format",
 "cow_arc",
 "crate_metadata",
 "crate_metadata_serde",
 "crate_name_utils",
 "cstr_core",
 "early_tls",
 "fs_node",
 "hashbrown",
 "kernel_config",
 "log",
 "memfs",
 "memory",
 "no_drop",
 "path",
 "qp-trie",
 "root",
 "rustc-demangle",
 "serde",
 "spin 0.9.4",
 "tls_initializer",
 "vfs_node",
 "xmas-elf",
]

[[package]]
name = "modular-bitfield"
version = "0.11.2"
source = "registry+https://github.com/rust-lang/crates.io-index"
checksum = "a53d79ba8304ac1c4f9eb3b9d281f21f7be9d4626f72ce7df4ad8fbde4f38a74"
dependencies = [
 "modular-bitfield-impl",
 "static_assertions",
]

[[package]]
name = "modular-bitfield-impl"
version = "0.11.2"
source = "registry+https://github.com/rust-lang/crates.io-index"
checksum = "5a7d5f7076603ebc68de2dc6a650ec331a062a13abaa346975be747bbfa4b789"
dependencies = [
 "proc-macro2",
 "quote",
 "syn 1.0.98",
]

[[package]]
name = "mpmc"
version = "0.1.6"
source = "registry+https://github.com/rust-lang/crates.io-index"
checksum = "bf78b1242a953be96e01b5f8ed8ffdfc8055c0a2b779899b3835e5d27a69dced"

[[package]]
name = "mpmc_queue"
version = "0.1.0"
dependencies = [
 "sync",
]

[[package]]
name = "msr"
version = "0.1.0"

[[package]]
name = "new_debug_unreachable"
version = "1.0.1"
source = "registry+https://github.com/rust-lang/crates.io-index"
checksum = "0cdc457076c78ab54d5e0d6fa7c47981757f1e34dc39ff92787f217dede586c4"
dependencies = [
 "unreachable",
]

[[package]]
name = "no_drop"
version = "0.1.0"

[[package]]
name = "num-traits"
version = "0.2.14"
source = "registry+https://github.com/rust-lang/crates.io-index"
checksum = "9a64b1ec5cda2586e284722486d802acf1f7dbdc623e2bfc57e65ca1cd099290"
dependencies = [
 "autocfg",
]

[[package]]
name = "num_enum"
version = "0.5.7"
source = "registry+https://github.com/rust-lang/crates.io-index"
checksum = "cf5395665662ef45796a4ff5486c5d41d29e0c09640af4c5f17fd94ee2c119c9"
dependencies = [
 "num_enum_derive",
]

[[package]]
name = "num_enum_derive"
version = "0.5.7"
source = "registry+https://github.com/rust-lang/crates.io-index"
checksum = "3b0498641e53dd6ac1a4f22547548caa6864cc4933784319cd1775271c5a46ce"
dependencies = [
 "proc-macro2",
 "quote",
 "syn 1.0.98",
]

[[package]]
name = "once_cell"
version = "1.9.0"
source = "registry+https://github.com/rust-lang/crates.io-index"
checksum = "da32515d9f6e6e489d7bc9d84c71b060db7247dc035bbe44eac88cf87486d8d5"

[[package]]
name = "owned_borrowed_trait"
version = "0.1.0"

[[package]]
name = "owning_ref"
version = "0.4.1"
source = "git+https://github.com/theseus-os/owning-ref-rs#0d2dcdcffd75b80157d0e72fb82593a8696a9c49"
dependencies = [
 "spin 0.9.4",
 "stable_deref_trait",
]

[[package]]
name = "page_allocator"
version = "0.1.0"
dependencies = [
 "intrusive-collections",
 "kernel_config",
 "log",
 "memory_structs",
 "spin 0.9.4",
 "static_assertions",
]

[[package]]
name = "page_attribute_table"
version = "0.1.0"
dependencies = [
 "log",
 "modular-bitfield",
 "msr",
 "raw-cpuid",
 "spin 0.9.4",
 "x86_64",
]

[[package]]
name = "page_table_entry"
version = "0.1.0"
dependencies = [
 "frame_allocator",
 "kernel_config",
 "memory_structs",
 "pte_flags",
 "zerocopy",
]

[[package]]
name = "panic_entry"
version = "0.1.0"
dependencies = [
 "early_printer",
 "log",
 "memory",
 "mod_mgmt",
 "panic_wrapper",
 "unwind",
]

[[package]]
name = "panic_wrapper"
version = "0.1.0"
dependencies = [
 "fault_log",
 "log",
 "memory",
 "mod_mgmt",
 "runqueue",
 "stack_trace",
 "stack_trace_frame_pointers",
 "task",
 "unwind",
]

[[package]]
name = "paste"
version = "1.0.5"
source = "registry+https://github.com/rust-lang/crates.io-index"
checksum = "acbf547ad0c65e31259204bd90935776d1c693cec2f4ff7abb7a1bbbd40dfe58"

[[package]]
name = "path"
version = "0.1.0"
dependencies = [
 "fs_node",
 "lazy_static",
 "log",
 "root",
 "spin 0.9.4",
 "vfs_node",
]

[[package]]
name = "pic"
version = "0.1.0"
dependencies = [
 "log",
 "port_io",
]

[[package]]
name = "pit_clock_basic"
version = "0.1.0"
dependencies = [
 "log",
 "port_io",
 "spin 0.9.4",
]

[[package]]
name = "pl011"
version = "1.0.0"
source = "git+https://github.com/theseus-os/pl011/?rev=464dbf22#464dbf2288a5d9e7445b0b1f404ddd41b1fd1c1e"
dependencies = [
 "log",
 "volatile-register",
]

[[package]]
name = "plain"
version = "0.2.3"
source = "registry+https://github.com/rust-lang/crates.io-index"
checksum = "b4596b6d070b27117e987119b4dac604f3c58cfb0b191112e24771b2faeac1a6"

[[package]]
name = "port_io"
version = "0.2.1"

[[package]]
name = "preemption"
version = "0.1.0"
dependencies = [
 "apic",
 "cls_macros",
 "cpu",
]

[[package]]
name = "proc-macro2"
version = "1.0.66"
source = "registry+https://github.com/rust-lang/crates.io-index"
checksum = "18fb31db3f9bddb2ea821cde30a9f70117e3f119938b5ee630b7403aa6e2ead9"
dependencies = [
 "unicode-ident",
]

[[package]]
name = "pte_flags"
version = "0.1.0"
dependencies = [
 "bitflags",
 "cfg-if 1.0.0",
]

[[package]]
name = "qp-trie"
version = "0.8.1"
source = "registry+https://github.com/rust-lang/crates.io-index"
checksum = "9569328cda9b68120dbbf855bac541eeb40c475d96a9a380cf8b5547bfe0c165"
dependencies = [
 "new_debug_unreachable",
 "unreachable",
]

[[package]]
name = "quote"
version = "1.0.31"
source = "registry+https://github.com/rust-lang/crates.io-index"
checksum = "5fe8a65d69dd0808184ebb5f836ab526bb259db23c657efa38711b1072ee47f0"
dependencies = [
 "proc-macro2",
]

[[package]]
name = "range_inclusive"
version = "0.1.0"

[[package]]
name = "rangemap"
version = "1.3.0"
source = "registry+https://github.com/rust-lang/crates.io-index"
checksum = "8b9283c6b06096b47afc7109834fdedab891175bb5241ee5d4f7d2546549f263"

[[package]]
name = "raw-cpuid"
version = "10.6.0"
source = "registry+https://github.com/rust-lang/crates.io-index"
checksum = "a6823ea29436221176fe662da99998ad3b4db2c7f31e7b6f5fe43adccd6320bb"
dependencies = [
 "bitflags",
]

[[package]]
name = "root"
version = "0.1.0"
dependencies = [
 "fs_node",
 "lazy_static",
 "log",
 "spin 0.9.4",
]

[[package]]
name = "runqueue"
version = "0.1.0"
dependencies = [
 "atomic_linked_list",
 "cfg-if 1.0.0",
 "lazy_static",
 "log",
 "runqueue_epoch",
 "runqueue_priority",
 "runqueue_round_robin",
 "single_simd_task_optimization",
 "sync_preemption",
 "task",
]

[[package]]
name = "runqueue_epoch"
version = "0.1.0"
dependencies = [
 "atomic_linked_list",
 "log",
 "single_simd_task_optimization",
 "sync_preemption",
 "task",
]

[[package]]
name = "runqueue_priority"
version = "0.1.0"
dependencies = [
 "atomic_linked_list",
 "log",
 "sync_preemption",
 "task",
 "time",
]

[[package]]
name = "runqueue_round_robin"
version = "0.1.0"
dependencies = [
 "atomic_linked_list",
 "log",
 "single_simd_task_optimization",
 "sync_preemption",
 "task",
]

[[package]]
name = "rustc-demangle"
version = "0.1.19"
source = "registry+https://github.com/rust-lang/crates.io-index"
checksum = "410f7acf3cb3a44527c5d9546bad4bf4e6c460915d5f9f2fc524498bfe8f70ce"

[[package]]
name = "rustc_version"
version = "0.2.3"
source = "registry+https://github.com/rust-lang/crates.io-index"
checksum = "138e3e0acb6c9fb258b19b67cb8abd63c00679d2851805ea151465464fe9030a"
dependencies = [
 "semver",
]

[[package]]
name = "rustversion"
version = "1.0.6"
source = "registry+https://github.com/rust-lang/crates.io-index"
checksum = "f2cc38e8fa666e2de3c4aba7edeb5ffc5246c1c2ed0e3d17e560aeeba736b23f"

[[package]]
name = "scheduler"
version = "0.1.0"
dependencies = [
 "cfg-if 1.0.0",
 "cpu",
 "interrupts",
 "log",
 "scheduler_epoch",
 "scheduler_priority",
 "scheduler_round_robin",
 "sleep",
 "task",
 "x86_64",
]

[[package]]
name = "scheduler_epoch"
version = "0.1.0"
dependencies = [
 "log",
 "runqueue",
 "runqueue_epoch",
 "spin 0.9.4",
 "task",
]

[[package]]
name = "scheduler_priority"
version = "0.1.0"
dependencies = [
 "log",
 "runqueue_priority",
 "task",
 "time",
]

[[package]]
name = "scheduler_round_robin"
version = "0.1.0"
dependencies = [
 "log",
 "runqueue",
 "runqueue_round_robin",
 "spin 0.9.4",
 "task",
]

[[package]]
name = "scopeguard"
version = "1.1.0"
source = "registry+https://github.com/rust-lang/crates.io-index"
checksum = "d29ab0c6d3fc0ee92fe66e2d99f700eab17a8d57d1c1d3b748380fb20baa78cd"

[[package]]
name = "scroll"
version = "0.9.2"
source = "registry+https://github.com/rust-lang/crates.io-index"
checksum = "2f84d114ef17fd144153d608fba7c446b0145d038985e7a8cc5d08bb0ce20383"
dependencies = [
 "rustc_version",
]

[[package]]
name = "semver"
version = "0.9.0"
source = "registry+https://github.com/rust-lang/crates.io-index"
checksum = "1d7eb9ef2c18661902cc47e535f9bc51b78acd254da71d375c2f6720d9a40403"
dependencies = [
 "semver-parser",
]

[[package]]
name = "semver-parser"
version = "0.7.0"
source = "registry+https://github.com/rust-lang/crates.io-index"
checksum = "388a1df253eca08550bef6c72392cfe7c30914bf41df5269b68cbd6ff8f570a3"

[[package]]
name = "serde"
version = "1.0.138"
source = "registry+https://github.com/rust-lang/crates.io-index"
checksum = "1578c6245786b9d168c5447eeacfb96856573ca56c9d68fdcf394be134882a47"
dependencies = [
 "serde_derive",
]

[[package]]
name = "serde_derive"
version = "1.0.138"
source = "registry+https://github.com/rust-lang/crates.io-index"
checksum = "023e9b1467aef8a10fb88f25611870ada9800ef7e22afce356bb0d2387b6f27c"
dependencies = [
 "proc-macro2",
 "quote",
 "syn 1.0.98",
]

[[package]]
name = "serial_port_basic"
version = "0.1.0"
dependencies = [
 "arm_boards",
 "memory",
 "pl011",
 "port_io",
 "spin 0.9.4",
 "sync_irq",
]

[[package]]
name = "single_simd_task_optimization"
version = "0.1.0"
dependencies = [
 "cfg-if 0.1.10",
 "log",
 "task",
]

[[package]]
name = "sleep"
version = "0.1.0"
dependencies = [
 "crossbeam-utils",
 "lazy_static",
 "sync_irq",
 "task",
 "time",
]

[[package]]
name = "spin"
version = "0.5.2"
source = "registry+https://github.com/rust-lang/crates.io-index"
checksum = "6e63cff320ae2c57904679ba7cb63280a3dc4613885beafb148ee7bf9aa9042d"

[[package]]
name = "spin"
version = "0.9.4"
source = "registry+https://github.com/rust-lang/crates.io-index"
checksum = "7f6002a767bff9e83f8eeecf883ecb8011875a21ae8da43bffb817a57e78cc09"
dependencies = [
 "lock_api",
]

[[package]]
name = "spin"
version = "0.9.8"
source = "git+https://github.com/theseus-os/spin-rs#5c4470db034ad11f6cc7a8a5c400607c024e9392"

[[package]]
name = "stable_deref_trait"
version = "1.1.1"
source = "git+https://github.com/theseus-os/stable_deref_trait.git?branch=spin#e006c79280042e27c4f16c7d29633eb2273752ee"
dependencies = [
 "spin 0.9.4",
]

[[package]]
name = "stack"
version = "0.1.0"
dependencies = [
 "kernel_config",
 "log",
 "memory",
 "memory_structs",
 "page_allocator",
 "spin 0.9.4",
]

[[package]]
name = "stack_trace"
version = "0.1.0"
dependencies = [
 "fallible-iterator",
 "log",
 "mod_mgmt",
 "task",
 "unwind",
]

[[package]]
name = "stack_trace_frame_pointers"
version = "0.1.0"
dependencies = [
 "cfg-if 0.1.10",
 "memory",
]

[[package]]
name = "static_assertions"
version = "1.1.0"
source = "registry+https://github.com/rust-lang/crates.io-index"
checksum = "a2eb9349b6444b326872e140eb1cf5e7c522154d69e7a0ffb0fb81c06b37543f"

[[package]]
name = "stdio"
version = "0.1.0"
dependencies = [
 "core2",
 "keycodes_ascii",
 "spin 0.9.4",
]

[[package]]
name = "str_ref"
version = "0.1.0"

[[package]]
name = "syn"
version = "1.0.98"
source = "registry+https://github.com/rust-lang/crates.io-index"
checksum = "c50aef8a904de4c23c788f104b7dddc7d6f79c647c7c8ce4cc8f73eb0ca773dd"
dependencies = [
 "proc-macro2",
 "quote",
 "unicode-ident",
]

[[package]]
name = "syn"
version = "2.0.27"
source = "registry+https://github.com/rust-lang/crates.io-index"
checksum = "b60f673f44a8255b9c8c657daf66a596d435f2da81a555b06dc644d080ba45e0"
dependencies = [
 "proc-macro2",
 "quote",
 "unicode-ident",
]

[[package]]
name = "sync"
version = "0.1.0"
dependencies = [
 "spin 0.9.8",
]

[[package]]
name = "sync_block"
version = "0.1.0"
dependencies = [
 "log",
 "mpmc_queue",
 "preemption",
 "scheduler",
 "sync",
 "sync_spin",
 "task",
 "wait_queue",
]

[[package]]
name = "sync_irq"
version = "0.1.0"
dependencies = [
 "irq_safety",
 "sync",
]

[[package]]
name = "sync_preemption"
version = "0.1.0"
dependencies = [
 "preemption",
 "sync",
]

[[package]]
name = "sync_spin"
version = "0.1.0"
dependencies = [
 "sync",
]

[[package]]
name = "synstructure"
version = "0.12.4"
source = "registry+https://github.com/rust-lang/crates.io-index"
checksum = "b834f2d66f734cb897113e34aaff2f1ab4719ca946f9a7358dba8f8064148701"
dependencies = [
 "proc-macro2",
 "quote",
 "syn 1.0.98",
 "unicode-xid",
]

[[package]]
name = "task"
version = "0.1.0"
dependencies = [
 "cls",
 "context_switch",
 "cpu",
 "crossbeam-utils",
 "environment",
 "irq_safety",
 "log",
 "memory",
 "mod_mgmt",
 "no_drop",
 "preemption",
 "spin 0.9.4",
 "stack",
 "static_assertions",
 "sync_irq",
 "task_struct",
 "waker_generic",
]

[[package]]
name = "task_struct"
version = "0.1.0"
dependencies = [
 "cpu",
 "crossbeam-utils",
 "environment",
 "kernel_config",
 "log",
 "memory",
 "mod_mgmt",
 "spin 0.9.4",
 "stack",
 "sync_irq",
]

[[package]]
name = "time"
version = "0.1.0"
dependencies = [
 "crossbeam-utils",
 "log",
]

[[package]]
name = "tlibc"
version = "0.1.0"
dependencies = [
 "app_io",
 "cbitset",
 "cc",
 "core2",
 "cstr_core",
 "heap",
 "libc",
 "log",
 "memchr",
 "memory",
 "panic_entry",
 "spin 0.9.4",
 "task",
]

[[package]]
name = "tls_initializer"
version = "0.1.0"
dependencies = [
 "cortex-a",
 "crate_metadata",
 "log",
 "memory_structs",
 "rangemap",
 "spin 0.9.4",
 "tock-registers",
 "x86_64",
]

[[package]]
name = "tock-registers"
version = "0.7.0"
source = "registry+https://github.com/rust-lang/crates.io-index"
checksum = "4ee8fba06c1f4d0b396ef61a54530bb6b28f0dc61c38bc8bc5a5a48161e6282e"

[[package]]
name = "tss"
version = "0.1.0"
dependencies = [
 "atomic_linked_list",
 "cpu",
 "log",
 "memory",
 "spin 0.9.4",
 "x86_64",
]

[[package]]
name = "tty"
version = "0.1.0"
dependencies = [
 "async_channel",
 "core2",
 "sync_block",
]

[[package]]
name = "unicode-ident"
version = "1.0.1"
source = "registry+https://github.com/rust-lang/crates.io-index"
checksum = "5bd2fe26506023ed7b5e1e315add59d6f584c621d037f9368fea9cfb988f368c"

[[package]]
name = "unicode-segmentation"
version = "1.10.1"
source = "registry+https://github.com/rust-lang/crates.io-index"
checksum = "1dd624098567895118886609431a7c3b8f516e41d30e0643f03d94592a147e36"

[[package]]
name = "unicode-xid"
version = "0.2.1"
source = "registry+https://github.com/rust-lang/crates.io-index"
checksum = "f7fe0bb3479651439c9112f72b6c505038574c9fbb575ed1bf3b797fa39dd564"

[[package]]
name = "unreachable"
version = "1.0.0"
source = "registry+https://github.com/rust-lang/crates.io-index"
checksum = "382810877fe448991dfc7f0dd6e3ae5d58088fd0ea5e35189655f84e6814fa56"
dependencies = [
 "void",
]

[[package]]
name = "unwind"
version = "0.1.0"
dependencies = [
 "external_unwind_info",
 "fallible-iterator",
 "gimli",
 "interrupts",
 "log",
 "memory",
 "mod_mgmt",
 "task",
]

[[package]]
name = "vcell"
version = "0.1.3"
source = "registry+https://github.com/rust-lang/crates.io-index"
checksum = "77439c1b53d2303b20d9459b1ade71a83c716e3f9c34f3228c00e6f185d6c002"

[[package]]
name = "version_check"
version = "0.9.4"
source = "registry+https://github.com/rust-lang/crates.io-index"
checksum = "49874b5167b65d7193b8aba1567f5c7d93d001cafc34600cee003eda787e483f"

[[package]]
name = "vfs_node"
version = "0.1.0"
dependencies = [
 "fs_node",
 "log",
 "memory",
 "spin 0.9.4",
]

[[package]]
name = "vga_buffer"
version = "0.1.0"
dependencies = [
 "volatile 0.2.7",
]

[[package]]
name = "void"
version = "1.0.2"
source = "registry+https://github.com/rust-lang/crates.io-index"
checksum = "6a02e4885ed3bc0f2de90ea6dd45ebcbb66dacffe03547fadbb0eeae2770887d"

[[package]]
name = "volatile"
version = "0.2.7"
source = "git+https://github.com/theseus-os/volatile#73a307a2906c9f67fa4b951ce858d642c2fa669b"
dependencies = [
 "zerocopy",
]

[[package]]
name = "volatile"
version = "0.4.4"
source = "registry+https://github.com/rust-lang/crates.io-index"
checksum = "e4c2dbd44eb8b53973357e6e207e370f0c1059990df850aca1eca8947cf464f0"

[[package]]
name = "volatile-register"
version = "0.2.1"
source = "registry+https://github.com/rust-lang/crates.io-index"
checksum = "9ee8f19f9d74293faf70901bc20ad067dc1ad390d2cbf1e3f75f721ffee908b6"
dependencies = [
 "vcell",
]

[[package]]
name = "wait_queue"
version = "0.1.0"
dependencies = [
 "mpmc_queue",
 "preemption",
 "scheduler",
 "sync",
 "sync_spin",
 "task",
]

[[package]]
name = "waker_generic"
version = "0.1.0"
dependencies = [
 "preemption",
 "spin 0.9.4",
]

[[package]]
name = "wasi"
version = "0.10.2+wasi-snapshot-preview1"
source = "registry+https://github.com/rust-lang/crates.io-index"
checksum = "fd6fbd9a79829dd1ad0cc20627bf1ed606756a7f77edff7b66b7064f9cb327c6"

[[package]]
name = "x86_64"
version = "0.14.9"
source = "registry+https://github.com/rust-lang/crates.io-index"
checksum = "958cd5cb28e720db2f59ee9dc4235b5f82a183d079fb0e6caf43ad074cfdc66a"
dependencies = [
 "bit_field 0.10.1",
 "bitflags",
 "rustversion",
 "volatile 0.4.4",
]

[[package]]
name = "xmas-elf"
version = "0.6.2"
source = "git+https://github.com/theseus-os/xmas-elf.git#635d55f6886ae3fe0ec8a78e0bcc1238224c903d"
dependencies = [
 "zero",
]

[[package]]
name = "zero"
version = "0.1.3"
source = "git+https://github.com/theseus-os/zero.git#9fc7ff523138a21f40359b706d2d6bf91deafc62"

[[package]]
name = "zerocopy"
version = "0.5.0"
source = "registry+https://github.com/rust-lang/crates.io-index"
checksum = "5e59ec1d2457bd6c0dd89b50e7d9d6b0b647809bf3f0a59ac85557046950b7b2"
dependencies = [
 "byteorder",
 "zerocopy-derive",
]

[[package]]
name = "zerocopy-derive"
version = "0.3.0"
source = "registry+https://github.com/rust-lang/crates.io-index"
checksum = "0af017aca1fa6181f5dd7a802456fe6f7666ecdcc18d0910431f0fc89d474e51"
dependencies = [
 "proc-macro2",
 "syn 1.0.98",
 "synstructure",
]

[[patch.unused]]
name = "backtrace"
version = "0.3.64"

[[patch.unused]]
name = "getopts"
version = "0.2.21"
source = "git+https://github.com/theseus-os/getopts#da1e04828d3ecd6adc90e2da61e2e3cccc7ca97c"

[[patch.unused]]
name = "region"
version = "3.0.0"

[[patch.unused]]
name = "smoltcp"
version = "0.5.0"
source = "git+https://github.com/m-labs/smoltcp#0fedb1db9aa26712830822dd61f065deaa34d611"

[[patch.unused]]
name = "wasmparser"
version = "0.81.0"
source = "git+https://github.com/theseus-os/wasm-tools?branch=no-std-wasmparser#7b0eb0d074606c8a49027e60e452862f5fe183b4"
