# This file is automatically @generated by Cargo.
# It is not intended for manual editing.
version = 3

[[package]]
name = "demangle_symbol"
version = "0.1.0"
dependencies = [
 "getopts",
 "rustc-demangle",
]

[[package]]
name = "getopts"
version = "0.2.17"
source = "registry+https://github.com/rust-lang/crates.io-index"
checksum = "b900c08c1939860ce8b54dc6a89e26e00c04c380fd0e09796799bd7f12861e05"

[[package]]
name = "rustc-demangle"
version = "0.1.14"
source = "registry+https://github.com/rust-lang/crates.io-index"
checksum = "ccc78bfd5acd7bf3e89cffcf899e5cb1a52d6fafa8dec2739ad70c9577a57288"
