# This file is automatically @generated by Cargo.
# It is not intended for manual editing.
[[package]]
name = "demangle_symbol"
version = "0.1.0"
dependencies = [
 "getopts 0.2.17 (registry+https://github.com/rust-lang/crates.io-index)",
 "rustc-demangle 0.1.8 (registry+https://github.com/rust-lang/crates.io-index)",
]

[[package]]
name = "getopts"
version = "0.2.17"
source = "registry+https://github.com/rust-lang/crates.io-index"

[[package]]
name = "rustc-demangle"
version = "0.1.8"
source = "registry+https://github.com/rust-lang/crates.io-index"

[metadata]
"checksum getopts 0.2.17 (registry+https://github.com/rust-lang/crates.io-index)" = "b900c08c1939860ce8b54dc6a89e26e00c04c380fd0e09796799bd7f12861e05"
"checksum rustc-demangle 0.1.8 (registry+https://github.com/rust-lang/crates.io-index)" = "76d7ba1feafada44f2d38eed812bd2489a03c0f5abb975799251518b68848649"
