# This file is automatically @generated by Cargo.
# It is not intended for manual editing.
version = 3

[[package]]
name = "acpi_table"
version = "0.1.0"
dependencies = [
 "log",
 "memory",
 "sdt",
 "zerocopy",
]

[[package]]
name = "ahash"
version = "0.7.6"
source = "registry+https://github.com/rust-lang/crates.io-index"
checksum = "fcb51a0695d8f838b1ee009b3fbf66bda078cd64590202a864a8f3e8c4315c47"
dependencies = [
 "getrandom",
 "once_cell",
 "version_check",
]

[[package]]
name = "apic"
version = "0.1.0"
dependencies = [
 "atomic_linked_list",
 "bit_field 0.7.0",
 "crossbeam-utils",
 "derive_more",
 "kernel_config",
 "log",
 "memory",
 "msr",
 "pit_clock_basic",
 "raw-cpuid",
 "spin 0.9.8 (registry+https://github.com/rust-lang/crates.io-index)",
 "sync_irq",
 "volatile 0.2.7",
 "x86_64",
 "zerocopy",
]

[[package]]
name = "app_io"
version = "0.1.0"
dependencies = [
 "core2",
 "hashbrown",
 "lazy_static",
 "logger",
 "stdio",
 "sync_block",
 "task",
 "tty",
]

[[package]]
name = "arm_boards"
version = "0.1.0"
dependencies = [
 "cfg-if 1.0.0",
 "derive_more",
 "memory_structs",
]

[[package]]
name = "async_channel"
version = "0.1.0"
dependencies = [
 "core2",
 "crossbeam-utils",
 "debugit",
 "log",
 "mpmc",
 "sync",
 "sync_spin",
 "wait_queue",
]

[[package]]
name = "atomic_linked_list"
version = "0.1.0"

[[package]]
name = "autocfg"
version = "1.1.0"
source = "registry+https://github.com/rust-lang/crates.io-index"
checksum = "d468802bab17cbc0cc575e9b053f41e72aa36bfa6b7f55e3529ffa43161b97fa"

[[package]]
name = "bincode"
version = "2.0.0-rc.3"
source = "registry+https://github.com/rust-lang/crates.io-index"
checksum = "f11ea1a0346b94ef188834a65c068a03aec181c94896d481d7a0a40d85b0ce95"
dependencies = [
 "serde",
]

[[package]]
name = "bit_field"
version = "0.7.0"
source = "registry+https://github.com/rust-lang/crates.io-index"
checksum = "ff91a64014e1bc53bf643920f2c9ab5f0980d92a0948295f3ee550e9266849ad"

[[package]]
name = "bit_field"
version = "0.10.2"
source = "registry+https://github.com/rust-lang/crates.io-index"
checksum = "dc827186963e592360843fb5ba4b973e145841266c1357f7180c43526f2e5b61"

[[package]]
name = "bitflags"
version = "1.3.2"
source = "registry+https://github.com/rust-lang/crates.io-index"
checksum = "bef38d45163c2f1dde094a7dfd33ccf595c92905c8f8f4fdc18d06fb1037718a"

[[package]]
name = "boot_info"
version = "0.1.0"
dependencies = [
 "bitflags",
 "kernel_config",
 "memory_structs",
]

[[package]]
name = "bootloader_modules"
version = "0.1.0"
dependencies = [
 "memory_structs",
]

[[package]]
name = "by_address"
version = "1.1.0"
source = "registry+https://github.com/rust-lang/crates.io-index"
checksum = "bf8dba2868114ed769a1f2590fc9ae5eb331175b44313b6c9b922f8f7ca813d0"

[[package]]
name = "byteorder"
version = "1.4.3"
source = "registry+https://github.com/rust-lang/crates.io-index"
checksum = "14c189c53d098945499cdfa7ecc63567cf3886b3332b312a5b4585d8d3a6a610"

[[package]]
name = "catch_unwind"
version = "0.1.0"
dependencies = [
 "log",
 "task",
 "unwind",
]

[[package]]
name = "cfg-if"
version = "0.1.10"
source = "registry+https://github.com/rust-lang/crates.io-index"
checksum = "4785bdd1c96b2a846b2bd7cc02e86b6b3dbf14e7e53446c4f54c92a361040822"

[[package]]
name = "cfg-if"
version = "1.0.0"
source = "registry+https://github.com/rust-lang/crates.io-index"
checksum = "baf1de4339761588bc0619e3cbc0120ee582ebb74b53b4efbf79117bd2da40fd"

[[package]]
name = "cls"
version = "0.1.0"
dependencies = [
 "cls_macros",
 "cortex-a",
 "irq_safety",
 "preemption",
 "tock-registers",
 "x86_64",
]

[[package]]
name = "cls_macros"
version = "0.1.0"
dependencies = [
 "convert_case 0.6.0",
 "proc-macro2",
 "quote",
 "syn 2.0.29",
]

[[package]]
name = "const_format"
version = "0.2.31"
source = "registry+https://github.com/rust-lang/crates.io-index"
checksum = "c990efc7a285731f9a4378d81aff2f0e85a2c8781a05ef0f8baa8dac54d0ff48"
dependencies = [
 "const_format_proc_macros",
]

[[package]]
name = "const_format_proc_macros"
version = "0.2.31"
source = "registry+https://github.com/rust-lang/crates.io-index"
checksum = "e026b6ce194a874cb9cf32cd5772d1ef9767cc8fcb5765948d74f37a9d8b2bf6"
dependencies = [
 "proc-macro2",
 "quote",
 "unicode-xid",
]

[[package]]
name = "context_switch"
version = "0.1.0"
dependencies = [
 "cfg-if 0.1.10",
 "context_switch_avx",
 "context_switch_regular",
 "context_switch_sse",
]

[[package]]
name = "context_switch_avx"
version = "0.1.0"
dependencies = [
 "context_switch_regular",
 "zerocopy",
]

[[package]]
name = "context_switch_regular"
version = "0.1.0"
dependencies = [
 "zerocopy",
]

[[package]]
name = "context_switch_sse"
version = "0.1.0"
dependencies = [
 "context_switch_regular",
 "zerocopy",
]

[[package]]
name = "convert_case"
version = "0.4.0"
source = "registry+https://github.com/rust-lang/crates.io-index"
checksum = "6245d59a3e82a7fc217c5828a6692dbc6dfb63a0c8c90495621f7b9d79704a0e"

[[package]]
name = "convert_case"
version = "0.6.0"
source = "registry+https://github.com/rust-lang/crates.io-index"
checksum = "ec182b0ca2f35d8fc196cf3404988fd8b8c739a4d270ff118a398feb0cbec1ca"
dependencies = [
 "unicode-segmentation",
]

[[package]]
name = "core2"
version = "0.4.0"
source = "registry+https://github.com/rust-lang/crates.io-index"
checksum = "b49ba7ef1ad6107f8824dbe97de947cbaac53c44e7f9756a1fba0d37c1eec505"
dependencies = [
 "memchr",
]

[[package]]
name = "cortex-a"
version = "7.5.0"
source = "registry+https://github.com/rust-lang/crates.io-index"
checksum = "bdecfbb28672ad3664e71ae05a398a52df430d86d660691501b28968cc4467e6"
dependencies = [
 "tock-registers",
]

[[package]]
name = "cow_arc"
version = "0.1.0"
dependencies = [
 "dereffer",
 "spin 0.9.8 (registry+https://github.com/rust-lang/crates.io-index)",
]

[[package]]
name = "cpu"
version = "0.1.0"
dependencies = [
 "apic",
 "arm_boards",
 "cortex-a",
 "derive_more",
 "sync_irq",
 "tock-registers",
]

[[package]]
name = "cpu_local"
version = "0.1.0"
dependencies = [
 "cortex-a",
 "irq_safety",
 "memory",
 "preemption",
 "sync_spin",
 "tock-registers",
 "x86_64",
]

[[package]]
name = "crate_metadata"
version = "0.1.0"
dependencies = [
 "cow_arc",
 "crate_metadata_serde",
 "fs_node",
 "goblin",
 "hashbrown",
 "log",
 "memory",
 "qp-trie",
 "serde",
 "spin 0.9.8 (registry+https://github.com/rust-lang/crates.io-index)",
 "str_ref",
 "xmas-elf",
]

[[package]]
name = "crate_metadata_serde"
version = "0.1.0"
dependencies = [
 "hashbrown",
 "serde",
]

[[package]]
name = "crate_name_utils"
version = "0.1.0"
dependencies = [
 "crate_metadata",
 "itertools",
 "path",
]

[[package]]
name = "crate_swap"
version = "0.1.0"
dependencies = [
 "by_address",
 "fs_node",
 "hashbrown",
 "hpet",
 "lazy_static",
 "log",
 "memory",
 "mod_mgmt",
 "path",
 "qp-trie",
 "spin 0.9.8 (registry+https://github.com/rust-lang/crates.io-index)",
]

[[package]]
name = "crossbeam-utils"
version = "0.8.16"
source = "registry+https://github.com/rust-lang/crates.io-index"
checksum = "5a22b2d63d4d1dc0b7f1b6b2747dd0088008a9be28b6ddf0b1e7d335e3037294"
dependencies = [
 "cfg-if 1.0.0",
]

[[package]]
name = "cstr_core"
version = "0.2.6"
source = "registry+https://github.com/rust-lang/crates.io-index"
checksum = "dd98742e4fdca832d40cab219dc2e3048de17d873248f83f17df47c1bea70956"
dependencies = [
 "cty",
 "memchr",
]

[[package]]
name = "cty"
version = "0.2.2"
source = "registry+https://github.com/rust-lang/crates.io-index"
checksum = "b365fabc795046672053e29c954733ec3b05e4be654ab130fe8f1f94d7051f35"

[[package]]
name = "debugit"
version = "0.1.0"

[[package]]
name = "delegate"
version = "0.6.2"
source = "registry+https://github.com/rust-lang/crates.io-index"
checksum = "35c47a31748d9cfa641f6cccb3608385fafe261ba36054f3d40d5a3ca11eb1af"
dependencies = [
 "proc-macro2",
 "quote",
 "syn 1.0.109",
]

[[package]]
name = "dereffer"
version = "0.1.0"

[[package]]
name = "derive_more"
version = "0.99.17"
source = "registry+https://github.com/rust-lang/crates.io-index"
checksum = "4fb810d30a7c1953f91334de7244731fc3f3c10d7fe163338a35b9f640960321"
dependencies = [
 "convert_case 0.4.0",
 "proc-macro2",
 "quote",
 "rustc_version 0.4.0",
 "syn 1.0.109",
]

[[package]]
name = "early_printer"
version = "0.1.0"
dependencies = [
 "boot_info",
 "font",
 "log",
 "memory",
 "page_attribute_table",
 "spin 0.9.8 (registry+https://github.com/rust-lang/crates.io-index)",
 "vga_buffer",
 "volatile 0.2.7",
]

[[package]]
name = "early_tls"
version = "0.1.0"
dependencies = [
 "spin 0.9.8 (registry+https://github.com/rust-lang/crates.io-index)",
 "tls_initializer",
]

[[package]]
name = "either"
version = "1.9.0"
source = "registry+https://github.com/rust-lang/crates.io-index"
checksum = "a26ae43d7bcc3b814de94796a5e736d4029efb0ee900c12e2d54c993ad1a1e07"

[[package]]
name = "environment"
version = "0.1.0"
dependencies = [
 "fs_node",
 "hashbrown",
 "path",
 "root",
]

[[package]]
name = "exceptions_early"
version = "0.1.0"
dependencies = [
 "early_printer",
 "gdt",
 "locked_idt",
 "memory",
 "mod_mgmt",
 "spin 0.9.8 (registry+https://github.com/rust-lang/crates.io-index)",
 "tss",
 "x86_64",
]

[[package]]
name = "external_unwind_info"
version = "0.1.0"
dependencies = [
 "log",
 "memory",
 "spin 0.9.8 (registry+https://github.com/rust-lang/crates.io-index)",
]

[[package]]
name = "fallible-iterator"
version = "0.2.0"
source = "registry+https://github.com/rust-lang/crates.io-index"
checksum = "4443176a9f2c162692bd3d352d745ef9413eec5782a80d8fd6f8a1ac692a07f7"

[[package]]
name = "fault_crate_swap"
version = "0.1.0"
dependencies = [
 "crate_swap",
 "fault_log",
 "fs_node",
 "log",
 "memory",
 "mod_mgmt",
 "path",
 "task",
]

[[package]]
name = "fault_log"
version = "0.1.0"
dependencies = [
 "app_io",
 "cpu",
 "early_printer",
 "log",
 "memory",
 "sync_irq",
 "task",
]

[[package]]
name = "font"
version = "0.1.0"
dependencies = [
 "spin 0.9.8 (registry+https://github.com/rust-lang/crates.io-index)",
]

[[package]]
name = "frame_allocator"
version = "0.1.0"
dependencies = [
 "intrusive-collections",
 "kernel_config",
 "log",
 "memory_structs",
 "range_inclusive",
 "spin 0.9.8 (registry+https://github.com/rust-lang/crates.io-index)",
 "static_assertions",
]

[[package]]
name = "fs_node"
version = "0.1.0"
dependencies = [
 "io",
 "lazy_static",
 "log",
 "memory",
 "spin 0.9.8 (registry+https://github.com/rust-lang/crates.io-index)",
]

[[package]]
name = "gdt"
version = "0.1.0"
dependencies = [
 "atomic_linked_list",
 "bit_field 0.7.0",
 "bitflags",
 "cpu",
 "log",
 "memory",
 "spin 0.9.8 (registry+https://github.com/rust-lang/crates.io-index)",
 "tss",
 "x86_64",
]

[[package]]
name = "getopts"
version = "0.2.21"
source = "registry+https://github.com/rust-lang/crates.io-index"
checksum = "14dbbfd5c71d70241ecf9e6f13737f7b5ce823821063188d7e46c41d371eebd5"
dependencies = [
 "unicode-width",
]

[[package]]
name = "getrandom"
version = "0.2.10"
source = "registry+https://github.com/rust-lang/crates.io-index"
checksum = "be4136b2a15dd319360be1c07d9933517ccf0be8f16bf62a3bee4f0d618df427"
dependencies = [
 "cfg-if 1.0.0",
 "libc",
 "wasi",
]

[[package]]
name = "gic"
version = "0.1.0"
dependencies = [
 "arm_boards",
 "cpu",
 "log",
 "memory",
 "static_assertions",
 "zerocopy",
]

[[package]]
name = "gimli"
version = "0.25.0"
source = "registry+https://github.com/rust-lang/crates.io-index"
checksum = "f0a01e0497841a3b2db4f8afa483cce65f7e96a3498bd6c541734792aeac8fe7"

[[package]]
name = "goblin"
version = "0.0.19"
source = "registry+https://github.com/rust-lang/crates.io-index"
checksum = "c65cd533b33e3d04c6e393225fa8919ddfcf5862ca8919c7f9a167c312ef41c2"
dependencies = [
 "plain",
 "scroll",
]

[[package]]
name = "hashbrown"
version = "0.11.2"
source = "registry+https://github.com/rust-lang/crates.io-index"
checksum = "ab5ef0d4909ef3724cc8cce6ccc8572c5c817592e9285f5464f8e86f8bd3726e"
dependencies = [
 "ahash",
 "serde",
]

[[package]]
name = "hpet"
version = "0.1.0"
dependencies = [
 "acpi_table",
 "kernel_config",
 "log",
 "memory",
 "sdt",
 "spin 0.9.8 (registry+https://github.com/rust-lang/crates.io-index)",
 "time",
 "volatile 0.2.7",
 "zerocopy",
]

[[package]]
name = "interrupt_controller"
version = "0.1.0"
dependencies = [
 "apic",
 "arm_boards",
 "cpu",
 "gic",
 "ioapic",
 "log",
 "memory",
 "sync_irq",
]

[[package]]
name = "interrupts"
version = "0.1.0"
dependencies = [
 "apic",
 "arm_boards",
 "cortex-a",
 "cpu",
 "early_printer",
 "exceptions_early",
 "gdt",
 "gic",
 "interrupt_controller",
 "kernel_config",
 "locked_idt",
 "log",
 "memory",
 "pic",
 "spin 0.9.8 (registry+https://github.com/rust-lang/crates.io-index)",
 "sync_irq",
 "time",
 "tock-registers",
 "tss",
 "x86_64",
]

[[package]]
name = "intrusive-collections"
version = "0.9.6"
source = "registry+https://github.com/rust-lang/crates.io-index"
checksum = "b694dc9f70c3bda874626d2aed13b780f137aab435f4e9814121955cf706122e"
dependencies = [
 "memoffset",
]

[[package]]
name = "io"
version = "0.1.0"
dependencies = [
 "core2",
 "delegate",
 "lazy_static",
 "lockable",
 "log",
 "spin 0.9.8 (registry+https://github.com/rust-lang/crates.io-index)",
]

[[package]]
name = "ioapic"
version = "0.1.0"
dependencies = [
 "apic",
 "atomic_linked_list",
 "log",
 "memory",
 "spin 0.9.8 (registry+https://github.com/rust-lang/crates.io-index)",
 "volatile 0.2.7",
 "zerocopy",
]

[[package]]
name = "irq_safety"
version = "0.1.1"
source = "git+https://github.com/theseus-os/irq_safety#0e32fe775fdb93be1fc6f85b306d109aea5d920e"
dependencies = [
 "spin 0.9.8 (registry+https://github.com/rust-lang/crates.io-index)",
]

[[package]]
name = "itertools"
version = "0.7.11"
source = "registry+https://github.com/rust-lang/crates.io-index"
checksum = "0d47946d458e94a1b7bcabbf6521ea7c037062c81f534615abcad76e84d4970d"
dependencies = [
 "either",
]

[[package]]
name = "kernel_config"
version = "0.1.0"

[[package]]
name = "keycodes_ascii"
version = "0.1.0"
dependencies = [
 "bitflags",
 "num_enum",
]

[[package]]
name = "lazy_static"
version = "1.4.0"
source = "registry+https://github.com/rust-lang/crates.io-index"
checksum = "e2abad23fbc42b3700f2f279844dc832adb2b2eb069b2df918f455c4e18cc646"
dependencies = [
 "spin 0.5.2",
]

[[package]]
name = "libc"
version = "0.2.147"
source = "registry+https://github.com/rust-lang/crates.io-index"
checksum = "b4668fb0ea861c1df094127ac5f1da3409a82116a4ba74fca2e58ef927159bb3"

[[package]]
name = "lock_api"
version = "0.4.10"
source = "registry+https://github.com/rust-lang/crates.io-index"
checksum = "c1cc9717a20b1bb222f333e6a92fd32f7d8a18ddc5a3191a11af45dcbf4dcd16"
dependencies = [
 "autocfg",
 "scopeguard",
]

[[package]]
name = "lockable"
version = "0.1.0"
dependencies = [
 "spin 0.9.8 (registry+https://github.com/rust-lang/crates.io-index)",
 "sync_irq",
]

[[package]]
name = "locked_idt"
version = "0.1.0"
dependencies = [
 "sync_irq",
 "x86_64",
]

[[package]]
name = "log"
version = "0.4.20"
source = "registry+https://github.com/rust-lang/crates.io-index"
checksum = "b5e6163cb8c49088c2c36f57875e58ccd8c87c7427f7fbd50ea6710b2f3f2e8f"

[[package]]
name = "logger"
version = "0.1.0"
dependencies = [
 "crossbeam-utils",
 "log",
 "serial_port_basic",
 "sync_irq",
]

[[package]]
name = "memchr"
version = "2.5.0"
source = "registry+https://github.com/rust-lang/crates.io-index"
checksum = "2dffe52ecf27772e601905b7522cb4ef790d2cc203488bbd0e2fe85fcb74566d"

[[package]]
name = "memfs"
version = "0.1.0"
dependencies = [
 "fs_node",
 "io",
 "irq_safety",
 "log",
 "memory",
 "spin 0.9.8 (registry+https://github.com/rust-lang/crates.io-index)",
]

[[package]]
name = "memoffset"
version = "0.9.0"
source = "registry+https://github.com/rust-lang/crates.io-index"
checksum = "5a634b1c61a95585bd15607c6ab0c4e5b226e695ff2800ba0cdccddf208c406c"
dependencies = [
 "autocfg",
]

[[package]]
name = "memory"
version = "0.1.0"
dependencies = [
 "atomic_linked_list",
 "bit_field 0.7.0",
 "bitflags",
 "boot_info",
 "frame_allocator",
 "kernel_config",
 "lazy_static",
 "log",
 "memory_aarch64",
 "memory_structs",
 "memory_x86_64",
 "no_drop",
 "owned_borrowed_trait",
 "page_allocator",
 "page_table_entry",
 "pte_flags",
 "spin 0.9.8 (registry+https://github.com/rust-lang/crates.io-index)",
 "static_assertions",
 "sync_irq",
 "x86_64",
 "xmas-elf",
 "zerocopy",
]

[[package]]
name = "memory_aarch64"
version = "0.1.0"
dependencies = [
 "boot_info",
 "cortex-a",
 "kernel_config",
 "log",
 "memory_structs",
 "pte_flags",
 "tock-registers",
]

[[package]]
name = "memory_structs"
version = "0.1.0"
dependencies = [
 "derive_more",
 "kernel_config",
 "paste",
 "range_inclusive",
 "zerocopy",
]

[[package]]
name = "memory_x86_64"
version = "0.1.0"
dependencies = [
 "boot_info",
 "kernel_config",
 "log",
 "memory_structs",
 "pte_flags",
 "x86_64",
]

[[package]]
name = "mod_mgmt"
version = "0.1.0"
dependencies = [
 "bincode",
 "bootloader_modules",
 "const_format",
 "cow_arc",
 "crate_metadata",
 "crate_metadata_serde",
 "crate_name_utils",
 "cstr_core",
 "early_tls",
 "fs_node",
 "hashbrown",
 "kernel_config",
 "log",
 "memfs",
 "memory",
 "no_drop",
 "path",
 "qp-trie",
 "root",
 "rustc-demangle",
 "serde",
 "spin 0.9.8 (registry+https://github.com/rust-lang/crates.io-index)",
 "tls_initializer",
 "vfs_node",
 "xmas-elf",
]

[[package]]
name = "modular-bitfield"
version = "0.11.2"
source = "registry+https://github.com/rust-lang/crates.io-index"
checksum = "a53d79ba8304ac1c4f9eb3b9d281f21f7be9d4626f72ce7df4ad8fbde4f38a74"
dependencies = [
 "modular-bitfield-impl",
 "static_assertions",
]

[[package]]
name = "modular-bitfield-impl"
version = "0.11.2"
source = "registry+https://github.com/rust-lang/crates.io-index"
checksum = "5a7d5f7076603ebc68de2dc6a650ec331a062a13abaa346975be747bbfa4b789"
dependencies = [
 "proc-macro2",
 "quote",
 "syn 1.0.109",
]

[[package]]
name = "mpmc"
version = "0.1.6"
source = "registry+https://github.com/rust-lang/crates.io-index"
checksum = "bf78b1242a953be96e01b5f8ed8ffdfc8055c0a2b779899b3835e5d27a69dced"

[[package]]
name = "mpmc_queue"
version = "0.1.0"
dependencies = [
 "sync",
]

[[package]]
name = "msr"
version = "0.1.0"

[[package]]
name = "new_debug_unreachable"
version = "1.0.4"
source = "registry+https://github.com/rust-lang/crates.io-index"
checksum = "e4a24736216ec316047a1fc4252e27dabb04218aa4a3f37c6e7ddbf1f9782b54"

[[package]]
name = "no_drop"
version = "0.1.0"

[[package]]
name = "num_enum"
version = "0.5.11"
source = "registry+https://github.com/rust-lang/crates.io-index"
checksum = "1f646caf906c20226733ed5b1374287eb97e3c2a5c227ce668c1f2ce20ae57c9"
dependencies = [
 "num_enum_derive",
]

[[package]]
name = "num_enum_derive"
version = "0.5.11"
source = "registry+https://github.com/rust-lang/crates.io-index"
checksum = "dcbff9bc912032c62bf65ef1d5aea88983b420f4f839db1e9b0c281a25c9c799"
dependencies = [
 "proc-macro2",
 "quote",
 "syn 1.0.109",
]

[[package]]
name = "once_cell"
version = "1.18.0"
source = "registry+https://github.com/rust-lang/crates.io-index"
checksum = "dd8b5dd2ae5ed71462c540258bedcb51965123ad7e7ccf4b9a8cafaa4a63576d"

[[package]]
name = "owned_borrowed_trait"
version = "0.1.0"

[[package]]
name = "page_allocator"
version = "0.1.0"
dependencies = [
 "intrusive-collections",
 "kernel_config",
 "log",
 "memory_structs",
 "spin 0.9.8 (registry+https://github.com/rust-lang/crates.io-index)",
 "static_assertions",
]

[[package]]
name = "page_attribute_table"
version = "0.1.0"
dependencies = [
 "log",
 "modular-bitfield",
 "msr",
 "raw-cpuid",
 "spin 0.9.8 (registry+https://github.com/rust-lang/crates.io-index)",
 "x86_64",
]

[[package]]
name = "page_table_entry"
version = "0.1.0"
dependencies = [
 "frame_allocator",
 "kernel_config",
 "memory_structs",
 "pte_flags",
 "zerocopy",
]

[[package]]
name = "paste"
version = "1.0.14"
source = "registry+https://github.com/rust-lang/crates.io-index"
checksum = "de3145af08024dea9fa9914f381a17b8fc6034dfb00f3a84013f7ff43f29ed4c"

[[package]]
name = "path"
version = "0.1.0"
dependencies = [
 "fs_node",
 "lazy_static",
 "log",
 "root",
 "spin 0.9.8 (registry+https://github.com/rust-lang/crates.io-index)",
 "vfs_node",
]

[[package]]
name = "pic"
version = "0.1.0"
dependencies = [
 "log",
 "port_io",
]

[[package]]
name = "pit_clock_basic"
version = "0.1.0"
dependencies = [
 "log",
 "port_io",
 "spin 0.9.8 (registry+https://github.com/rust-lang/crates.io-index)",
]

[[package]]
name = "pl011"
version = "1.0.0"
source = "git+https://github.com/theseus-os/pl011/?rev=464dbf22#464dbf2288a5d9e7445b0b1f404ddd41b1fd1c1e"
dependencies = [
 "log",
 "volatile-register",
]

[[package]]
name = "plain"
version = "0.2.3"
source = "registry+https://github.com/rust-lang/crates.io-index"
checksum = "b4596b6d070b27117e987119b4dac604f3c58cfb0b191112e24771b2faeac1a6"

[[package]]
name = "port_io"
version = "0.2.1"

[[package]]
name = "preemption"
version = "0.1.0"
dependencies = [
 "apic",
 "cls_macros",
 "cpu",
]

[[package]]
name = "proc-macro2"
version = "1.0.66"
source = "registry+https://github.com/rust-lang/crates.io-index"
checksum = "18fb31db3f9bddb2ea821cde30a9f70117e3f119938b5ee630b7403aa6e2ead9"
dependencies = [
 "unicode-ident",
]

[[package]]
name = "pte_flags"
version = "0.1.0"
dependencies = [
 "bitflags",
 "cfg-if 1.0.0",
]

[[package]]
name = "qp-trie"
version = "0.8.1"
source = "registry+https://github.com/rust-lang/crates.io-index"
checksum = "9569328cda9b68120dbbf855bac541eeb40c475d96a9a380cf8b5547bfe0c165"
dependencies = [
 "new_debug_unreachable",
 "unreachable",
]

[[package]]
name = "quote"
version = "1.0.33"
source = "registry+https://github.com/rust-lang/crates.io-index"
checksum = "5267fca4496028628a95160fc423a33e8b2e6af8a5302579e322e4b520293cae"
dependencies = [
 "proc-macro2",
]

[[package]]
name = "range_inclusive"
version = "0.1.0"

[[package]]
name = "rangemap"
version = "1.3.0"
source = "registry+https://github.com/rust-lang/crates.io-index"
checksum = "8b9283c6b06096b47afc7109834fdedab891175bb5241ee5d4f7d2546549f263"

[[package]]
name = "raw-cpuid"
version = "10.7.0"
source = "registry+https://github.com/rust-lang/crates.io-index"
checksum = "6c297679cb867470fa8c9f67dbba74a78d78e3e98d7cf2b08d6d71540f797332"
dependencies = [
 "bitflags",
]

[[package]]
name = "rendezvous"
version = "0.1.0"
dependencies = [
 "debugit",
 "log",
 "scheduler",
 "spin 0.9.8 (registry+https://github.com/rust-lang/crates.io-index)",
 "sync",
 "sync_irq",
 "sync_spin",
 "task",
 "wait_guard",
 "wait_queue",
]

[[package]]
name = "root"
version = "0.1.0"
dependencies = [
 "fs_node",
 "lazy_static",
 "log",
 "spin 0.9.8 (registry+https://github.com/rust-lang/crates.io-index)",
]

[[package]]
name = "runqueue"
version = "0.1.0"
dependencies = [
 "atomic_linked_list",
 "cfg-if 1.0.0",
 "lazy_static",
 "log",
 "runqueue_epoch",
 "runqueue_priority",
 "runqueue_round_robin",
 "single_simd_task_optimization",
 "sync_preemption",
 "task",
]

[[package]]
name = "runqueue_epoch"
version = "0.1.0"
dependencies = [
 "atomic_linked_list",
 "log",
 "single_simd_task_optimization",
 "sync_preemption",
 "task",
]

[[package]]
name = "runqueue_priority"
version = "0.1.0"
dependencies = [
 "atomic_linked_list",
 "log",
 "sync_preemption",
 "task",
 "time",
]

[[package]]
name = "runqueue_round_robin"
version = "0.1.0"
dependencies = [
 "atomic_linked_list",
 "log",
 "single_simd_task_optimization",
 "sync_preemption",
 "task",
]

[[package]]
name = "rustc-demangle"
version = "0.1.23"
source = "registry+https://github.com/rust-lang/crates.io-index"
checksum = "d626bb9dae77e28219937af045c257c28bfd3f69333c512553507f5f9798cb76"

[[package]]
name = "rustc_version"
version = "0.2.3"
source = "registry+https://github.com/rust-lang/crates.io-index"
checksum = "138e3e0acb6c9fb258b19b67cb8abd63c00679d2851805ea151465464fe9030a"
dependencies = [
 "semver 0.9.0",
]

[[package]]
name = "rustc_version"
version = "0.4.0"
source = "registry+https://github.com/rust-lang/crates.io-index"
checksum = "bfa0f585226d2e68097d4f95d113b15b83a82e819ab25717ec0590d9584ef366"
dependencies = [
 "semver 1.0.18",
]

[[package]]
name = "rustversion"
version = "1.0.14"
source = "registry+https://github.com/rust-lang/crates.io-index"
checksum = "7ffc183a10b4478d04cbbbfc96d0873219d962dd5accaff2ffbd4ceb7df837f4"

[[package]]
name = "scheduler"
version = "0.1.0"
dependencies = [
 "cfg-if 1.0.0",
 "cpu",
 "interrupts",
 "log",
 "scheduler_epoch",
 "scheduler_priority",
 "scheduler_round_robin",
 "sleep",
 "task",
 "x86_64",
]

[[package]]
name = "scheduler_epoch"
version = "0.1.0"
dependencies = [
 "log",
 "runqueue",
 "runqueue_epoch",
 "spin 0.9.8 (registry+https://github.com/rust-lang/crates.io-index)",
 "task",
]

[[package]]
name = "scheduler_priority"
version = "0.1.0"
dependencies = [
 "log",
 "runqueue_priority",
 "task",
 "time",
]

[[package]]
name = "scheduler_round_robin"
version = "0.1.0"
dependencies = [
 "log",
 "runqueue",
 "runqueue_round_robin",
 "spin 0.9.8 (registry+https://github.com/rust-lang/crates.io-index)",
 "task",
]

[[package]]
name = "scopeguard"
version = "1.2.0"
source = "registry+https://github.com/rust-lang/crates.io-index"
checksum = "94143f37725109f92c262ed2cf5e59bce7498c01bcc1502d7b9afe439a4e9f49"

[[package]]
name = "scroll"
version = "0.9.2"
source = "registry+https://github.com/rust-lang/crates.io-index"
checksum = "2f84d114ef17fd144153d608fba7c446b0145d038985e7a8cc5d08bb0ce20383"
dependencies = [
 "rustc_version 0.2.3",
]

[[package]]
name = "sdt"
version = "0.1.0"
dependencies = [
 "zerocopy",
]

[[package]]
name = "semver"
version = "0.9.0"
source = "registry+https://github.com/rust-lang/crates.io-index"
checksum = "1d7eb9ef2c18661902cc47e535f9bc51b78acd254da71d375c2f6720d9a40403"
dependencies = [
 "semver-parser",
]

[[package]]
name = "semver"
version = "1.0.18"
source = "registry+https://github.com/rust-lang/crates.io-index"
checksum = "b0293b4b29daaf487284529cc2f5675b8e57c61f70167ba415a463651fd6a918"

[[package]]
name = "semver-parser"
version = "0.7.0"
source = "registry+https://github.com/rust-lang/crates.io-index"
checksum = "388a1df253eca08550bef6c72392cfe7c30914bf41df5269b68cbd6ff8f570a3"

[[package]]
name = "serde"
version = "1.0.188"
source = "registry+https://github.com/rust-lang/crates.io-index"
checksum = "cf9e0fcba69a370eed61bcf2b728575f726b50b55cba78064753d708ddc7549e"
dependencies = [
 "serde_derive",
]

[[package]]
name = "serde_derive"
version = "1.0.188"
source = "registry+https://github.com/rust-lang/crates.io-index"
checksum = "4eca7ac642d82aa35b60049a6eccb4be6be75e599bd2e9adb5f875a737654af2"
dependencies = [
 "proc-macro2",
 "quote",
 "syn 2.0.29",
]

[[package]]
name = "serial_port_basic"
version = "0.1.0"
dependencies = [
 "arm_boards",
 "memory",
 "pl011",
 "port_io",
 "spin 0.9.8 (registry+https://github.com/rust-lang/crates.io-index)",
 "sync_irq",
]

[[package]]
name = "single_simd_task_optimization"
version = "0.1.0"
dependencies = [
 "cfg-if 0.1.10",
 "log",
 "task",
]

[[package]]
name = "sleep"
version = "0.1.0"
dependencies = [
 "crossbeam-utils",
 "lazy_static",
 "sync_irq",
 "task",
 "time",
]

[[package]]
name = "spawn"
version = "0.1.0"
dependencies = [
 "catch_unwind",
 "context_switch",
 "cpu",
 "debugit",
 "early_tls",
 "fault_crate_swap",
 "fault_log",
 "fs_node",
 "irq_safety",
 "lazy_static",
 "log",
 "memory",
 "mod_mgmt",
 "no_drop",
 "path",
 "preemption",
 "runqueue",
 "scheduler",
 "spin 0.9.8 (registry+https://github.com/rust-lang/crates.io-index)",
 "stack",
 "task",
 "thread_local_macro",
]

[[package]]
name = "spin"
version = "0.5.2"
source = "registry+https://github.com/rust-lang/crates.io-index"
checksum = "6e63cff320ae2c57904679ba7cb63280a3dc4613885beafb148ee7bf9aa9042d"

[[package]]
name = "spin"
version = "0.9.8"
source = "registry+https://github.com/rust-lang/crates.io-index"
checksum = "6980e8d7511241f8acf4aebddbb1ff938df5eebe98691418c4468d0b72a96a67"
dependencies = [
 "lock_api",
]

[[package]]
name = "spin"
version = "0.9.8"
source = "git+https://github.com/theseus-os/spin-rs#5c4470db034ad11f6cc7a8a5c400607c024e9392"

[[package]]
name = "stack"
version = "0.1.0"
dependencies = [
 "kernel_config",
 "log",
 "memory",
 "memory_structs",
 "page_allocator",
 "spin 0.9.8 (registry+https://github.com/rust-lang/crates.io-index)",
]

[[package]]
name = "static_assertions"
version = "1.1.0"
source = "registry+https://github.com/rust-lang/crates.io-index"
checksum = "a2eb9349b6444b326872e140eb1cf5e7c522154d69e7a0ffb0fb81c06b37543f"

[[package]]
name = "stdio"
version = "0.1.0"
dependencies = [
 "core2",
 "keycodes_ascii",
 "spin 0.9.8 (registry+https://github.com/rust-lang/crates.io-index)",
]

[[package]]
name = "str_ref"
version = "0.1.0"

[[package]]
name = "syn"
version = "1.0.109"
source = "registry+https://github.com/rust-lang/crates.io-index"
checksum = "72b64191b275b66ffe2469e8af2c1cfe3bafa67b529ead792a6d0160888b4237"
dependencies = [
 "proc-macro2",
 "quote",
 "unicode-ident",
]

[[package]]
name = "syn"
version = "2.0.29"
source = "registry+https://github.com/rust-lang/crates.io-index"
checksum = "c324c494eba9d92503e6f1ef2e6df781e78f6a7705a0202d9801b198807d518a"
dependencies = [
 "proc-macro2",
 "quote",
 "unicode-ident",
]

[[package]]
name = "sync"
version = "0.1.0"
dependencies = [
 "spin 0.9.8 (git+https://github.com/theseus-os/spin-rs)",
]

[[package]]
name = "sync_block"
version = "0.1.0"
dependencies = [
 "log",
 "mpmc_queue",
 "preemption",
 "scheduler",
 "sync",
 "sync_spin",
 "task",
 "wait_queue",
]

[[package]]
name = "sync_irq"
version = "0.1.0"
dependencies = [
 "irq_safety",
 "sync",
]

[[package]]
name = "sync_preemption"
version = "0.1.0"
dependencies = [
 "preemption",
 "sync",
]

[[package]]
name = "sync_spin"
version = "0.1.0"
dependencies = [
 "sync",
]

[[package]]
name = "task"
version = "0.1.0"
dependencies = [
 "cls",
 "context_switch",
 "cpu",
 "cpu_local",
 "crossbeam-utils",
 "environment",
 "irq_safety",
 "log",
 "memory",
 "mod_mgmt",
 "no_drop",
 "preemption",
 "spin 0.9.8 (registry+https://github.com/rust-lang/crates.io-index)",
 "stack",
 "static_assertions",
 "sync_irq",
 "task_struct",
 "waker_generic",
]

[[package]]
name = "task_struct"
version = "0.1.0"
dependencies = [
 "cpu",
 "crossbeam-utils",
 "environment",
 "kernel_config",
 "log",
 "memory",
 "mod_mgmt",
 "spin 0.9.8 (registry+https://github.com/rust-lang/crates.io-index)",
 "stack",
 "sync_irq",
]

[[package]]
name = "test_channel"
version = "0.1.0"
dependencies = [
 "app_io",
 "async_channel",
 "cpu",
 "getopts",
 "log",
 "rendezvous",
 "scheduler",
 "spawn",
 "spin 0.9.8 (registry+https://github.com/rust-lang/crates.io-index)",
 "task",
]

[[package]]
name = "thread_local_macro"
version = "0.1.0"

[[package]]
name = "time"
version = "0.1.0"
dependencies = [
 "crossbeam-utils",
 "log",
]

[[package]]
name = "tls_initializer"
version = "0.1.0"
dependencies = [
 "cortex-a",
 "crate_metadata",
 "log",
 "memory_structs",
 "rangemap",
 "spin 0.9.8 (registry+https://github.com/rust-lang/crates.io-index)",
 "tock-registers",
 "x86_64",
]

[[package]]
name = "tock-registers"
version = "0.7.0"
source = "registry+https://github.com/rust-lang/crates.io-index"
checksum = "4ee8fba06c1f4d0b396ef61a54530bb6b28f0dc61c38bc8bc5a5a48161e6282e"

[[package]]
name = "tss"
version = "0.1.0"
dependencies = [
 "atomic_linked_list",
 "cpu",
 "log",
 "memory",
 "spin 0.9.8 (registry+https://github.com/rust-lang/crates.io-index)",
 "x86_64",
]

[[package]]
name = "tty"
version = "0.1.0"
dependencies = [
 "async_channel",
 "core2",
 "sync_block",
]

[[package]]
name = "unicode-ident"
version = "1.0.11"
source = "registry+https://github.com/rust-lang/crates.io-index"
checksum = "301abaae475aa91687eb82514b328ab47a211a533026cb25fc3e519b86adfc3c"

[[package]]
name = "unicode-segmentation"
version = "1.10.1"
source = "registry+https://github.com/rust-lang/crates.io-index"
checksum = "1dd624098567895118886609431a7c3b8f516e41d30e0643f03d94592a147e36"

[[package]]
name = "unicode-width"
version = "0.1.10"
source = "registry+https://github.com/rust-lang/crates.io-index"
checksum = "c0edd1e5b14653f783770bce4a4dabb4a5108a5370a5f5d8cfe8710c361f6c8b"

[[package]]
name = "unicode-xid"
version = "0.2.4"
source = "registry+https://github.com/rust-lang/crates.io-index"
checksum = "f962df74c8c05a667b5ee8bcf162993134c104e96440b663c8daa176dc772d8c"

[[package]]
name = "unreachable"
version = "1.0.0"
source = "registry+https://github.com/rust-lang/crates.io-index"
checksum = "382810877fe448991dfc7f0dd6e3ae5d58088fd0ea5e35189655f84e6814fa56"
dependencies = [
 "void",
]

[[package]]
name = "unwind"
version = "0.1.0"
dependencies = [
 "external_unwind_info",
 "fallible-iterator",
 "gimli",
 "interrupts",
 "log",
 "memory",
 "mod_mgmt",
 "task",
]

[[package]]
name = "vcell"
version = "0.1.3"
source = "registry+https://github.com/rust-lang/crates.io-index"
checksum = "77439c1b53d2303b20d9459b1ade71a83c716e3f9c34f3228c00e6f185d6c002"

[[package]]
name = "version_check"
version = "0.9.4"
source = "registry+https://github.com/rust-lang/crates.io-index"
checksum = "49874b5167b65d7193b8aba1567f5c7d93d001cafc34600cee003eda787e483f"

[[package]]
name = "vfs_node"
version = "0.1.0"
dependencies = [
 "fs_node",
 "log",
 "memory",
 "spin 0.9.8 (registry+https://github.com/rust-lang/crates.io-index)",
]

[[package]]
name = "vga_buffer"
version = "0.1.0"
dependencies = [
 "volatile 0.2.7",
]

[[package]]
name = "void"
version = "1.0.2"
source = "registry+https://github.com/rust-lang/crates.io-index"
checksum = "6a02e4885ed3bc0f2de90ea6dd45ebcbb66dacffe03547fadbb0eeae2770887d"

[[package]]
name = "volatile"
version = "0.2.7"
source = "registry+https://github.com/rust-lang/crates.io-index"
checksum = "f6b06ad3ed06fef1713569d547cdbdb439eafed76341820fb0e0344f29a41945"

[[package]]
name = "volatile"
version = "0.4.6"
source = "registry+https://github.com/rust-lang/crates.io-index"
checksum = "442887c63f2c839b346c192d047a7c87e73d0689c9157b00b53dcc27dd5ea793"

[[package]]
name = "volatile-register"
version = "0.2.1"
source = "registry+https://github.com/rust-lang/crates.io-index"
checksum = "9ee8f19f9d74293faf70901bc20ad067dc1ad390d2cbf1e3f75f721ffee908b6"
dependencies = [
 "vcell",
]

[[package]]
name = "wait_guard"
version = "0.1.0"
dependencies = [
 "task",
]

[[package]]
name = "wait_queue"
version = "0.1.0"
dependencies = [
 "mpmc_queue",
 "preemption",
 "scheduler",
 "sync",
 "sync_spin",
 "task",
]

[[package]]
name = "waker_generic"
version = "0.1.0"
dependencies = [
 "preemption",
 "spin 0.9.8 (registry+https://github.com/rust-lang/crates.io-index)",
]

[[package]]
name = "wasi"
version = "0.11.0+wasi-snapshot-preview1"
source = "registry+https://github.com/rust-lang/crates.io-index"
checksum = "9c8d87e72b64a3b4db28d11ce29237c246188f4f51057d65a7eab63b7987e423"

[[package]]
name = "x86_64"
version = "0.14.10"
source = "registry+https://github.com/rust-lang/crates.io-index"
checksum = "100555a863c0092238c2e0e814c1096c1e5cf066a309c696a87e907b5f8c5d69"
dependencies = [
 "bit_field 0.10.2",
 "bitflags",
 "rustversion",
 "volatile 0.4.6",
]

[[package]]
name = "xmas-elf"
version = "0.6.2"
source = "git+https://github.com/theseus-os/xmas-elf.git#635d55f6886ae3fe0ec8a78e0bcc1238224c903d"
dependencies = [
 "zero",
]

[[package]]
name = "zero"
version = "0.1.3"
source = "git+https://github.com/theseus-os/zero.git#9fc7ff523138a21f40359b706d2d6bf91deafc62"

[[package]]
name = "zerocopy"
version = "0.5.0"
source = "registry+https://github.com/rust-lang/crates.io-index"
checksum = "5e59ec1d2457bd6c0dd89b50e7d9d6b0b647809bf3f0a59ac85557046950b7b2"
dependencies = [
 "byteorder",
 "zerocopy-derive",
]

[[package]]
name = "zerocopy-derive"
version = "0.3.2"
source = "registry+https://github.com/rust-lang/crates.io-index"
checksum = "6505e6815af7de1746a08f69c69606bb45695a17149517680f3b2149713b19a3"
dependencies = [
 "proc-macro2",
 "quote",
 "syn 1.0.109",
]
