# This file is automatically @generated by Cargo.
# It is not intended for manual editing.
version = 3

[[package]]
name = "irq_safety"
version = "0.1.1"
source = "git+https://github.com/kevinaboos/irq_safety?branch=update_interface_and_rwlock#6b0ea5232174f006f79d3334216144aca62d55bd"
dependencies = [
 "owning_ref",
 "spin",
 "stable_deref_trait",
]

[[package]]
name = "lock_api"
version = "0.4.4"
source = "registry+https://github.com/rust-lang/crates.io-index"
checksum = "0382880606dff6d15c9476c416d18690b72742aa7b605bb6dd6ec9030fbf07eb"
dependencies = [
 "scopeguard",
]

[[package]]
name = "lockable"
version = "0.1.0"
dependencies = [
 "irq_safety",
 "spin",
]

[[package]]
name = "owning_ref"
version = "0.4.1"
source = "git+https://github.com/theseus-os/owning-ref-rs.git#0d2dcdcffd75b80157d0e72fb82593a8696a9c49"
dependencies = [
 "spin",
 "stable_deref_trait",
]

[[package]]
name = "scopeguard"
version = "1.1.0"
source = "registry+https://github.com/rust-lang/crates.io-index"
checksum = "d29ab0c6d3fc0ee92fe66e2d99f700eab17a8d57d1c1d3b748380fb20baa78cd"

[[package]]
name = "spin"
version = "0.9.2"
source = "registry+https://github.com/rust-lang/crates.io-index"
checksum = "511254be0c5bcf062b019a6c89c01a664aa359ded62f78aa72c6fc137c0590e5"
dependencies = [
 "lock_api",
]

[[package]]
name = "stable_deref_trait"
version = "1.1.1"
source = "git+https://github.com/theseus-os/stable_deref_trait.git?branch=spin#e006c79280042e27c4f16c7d29633eb2273752ee"
dependencies = [
 "spin",
]
