# This file is automatically @generated by Cargo.
# It is not intended for manual editing.
version = 3

[[package]]
name = "bitflags"
version = "1.3.2"
source = "registry+https://github.com/rust-lang/crates.io-index"
checksum = "bef38d45163c2f1dde094a7dfd33ccf595c92905c8f8f4fdc18d06fb1037718a"

[[package]]
name = "boot_info"
version = "0.1.0"
dependencies = [
 "bootloader_api",
 "multiboot2",
]

[[package]]
name = "bootloader_api"
version = "0.1.0-alpha.0"
source = "git+https://github.com/rust-osdev/bootloader#4e2b8d7e4b4fad3c7aefd7f8174f86ec2119ecc7"

[[package]]
name = "multiboot2"
version = "0.14.0"
source = "registry+https://github.com/rust-lang/crates.io-index"
checksum = "e6170b6f12ea75d8d0f5621e3ed780b041a666c4a5b904c77261fe343d0e798d"
dependencies = [
 "bitflags",
]
