# This file is automatically @generated by Cargo.
# It is not intended for manual editing.
version = 3

[[package]]
name = "acpi"
version = "0.1.0"
dependencies = [
 "acpi_table",
 "acpi_table_handler",
 "ap_start",
 "apic",
 "dmar",
 "fadt",
 "hpet",
 "ioapic",
 "iommu",
 "irq_safety",
 "kernel_config",
 "lazy_static",
 "log",
 "madt",
 "memory",
 "pause",
 "pic",
 "pit_clock",
 "rsdp",
 "rsdt",
 "spin 0.9.0",
 "volatile 0.2.7",
]

[[package]]
name = "acpi_table"
version = "0.1.0"
dependencies = [
 "log",
 "memory",
 "sdt",
 "zerocopy",
]

[[package]]
name = "acpi_table_handler"
version = "0.1.0"
dependencies = [
 "acpi_table",
 "dmar",
 "fadt",
 "hpet",
 "log",
 "madt",
 "memory",
 "rsdt",
]

[[package]]
name = "ahash"
version = "0.7.6"
source = "registry+https://github.com/rust-lang/crates.io-index"
checksum = "fcb51a0695d8f838b1ee009b3fbf66bda078cd64590202a864a8f3e8c4315c47"
dependencies = [
 "getrandom",
 "once_cell",
 "version_check",
]

[[package]]
name = "ap_start"
version = "0.1.0"
dependencies = [
 "apic",
 "interrupts",
 "irq_safety",
 "kernel_config",
 "lazy_static",
 "log",
 "memory",
 "scheduler",
 "spawn",
 "spin 0.9.0",
 "stack",
 "tlb_shootdown",
]

[[package]]
name = "apic"
version = "0.1.0"
dependencies = [
 "atomic_linked_list",
 "bit_field 0.7.0",
 "crossbeam-utils",
 "irq_safety",
 "kernel_config",
 "lazy_static",
 "log",
 "memory",
 "msr",
 "owning_ref",
 "pit_clock",
 "raw-cpuid",
 "spin 0.9.0",
 "static_assertions",
 "volatile 0.2.7",
 "x86_64",
 "zerocopy",
]

[[package]]
name = "app_io"
version = "0.1.0"
dependencies = [
 "core2",
 "event_types",
 "keycodes_ascii",
 "lazy_static",
 "libterm",
 "log",
 "logger",
 "print",
 "spin 0.9.0",
 "stdio",
 "task",
 "window_manager",
]

[[package]]
name = "atomic_linked_list"
version = "0.1.0"

[[package]]
name = "autocfg"
version = "1.1.0"
source = "registry+https://github.com/rust-lang/crates.io-index"
checksum = "d468802bab17cbc0cc575e9b053f41e72aa36bfa6b7f55e3529ffa43161b97fa"

[[package]]
name = "bare-metal"
version = "0.2.5"
source = "registry+https://github.com/rust-lang/crates.io-index"
checksum = "5deb64efa5bd81e31fcd1938615a6d98c82eafcbcd787162b6f63b91d6bac5b3"
dependencies = [
 "rustc_version 0.2.3",
]

[[package]]
name = "bincode"
version = "2.0.0-rc.1"
source = "git+https://github.com/bincode-org/bincode#3a4f2991ff952535b21078d3371e112d8a1f4ab4"
dependencies = [
 "serde",
]

[[package]]
name = "bit_field"
version = "0.7.0"
source = "registry+https://github.com/rust-lang/crates.io-index"
checksum = "ff91a64014e1bc53bf643920f2c9ab5f0980d92a0948295f3ee550e9266849ad"

[[package]]
name = "bit_field"
version = "0.10.1"
source = "registry+https://github.com/rust-lang/crates.io-index"
checksum = "dcb6dd1c2376d2e096796e234a70e17e94cc2d5d54ff8ce42b28cef1d0d359a4"

[[package]]
name = "bitfield"
version = "0.13.2"
source = "registry+https://github.com/rust-lang/crates.io-index"
checksum = "46afbd2983a5d5a7bd740ccb198caf5b82f45c40c09c0eed36052d91cb92e719"

[[package]]
name = "bitflags"
version = "1.3.2"
source = "registry+https://github.com/rust-lang/crates.io-index"
checksum = "bef38d45163c2f1dde094a7dfd33ccf595c92905c8f8f4fdc18d06fb1037718a"

[[package]]
name = "block_allocator"
version = "0.1.0"
dependencies = [
 "linked_list_allocator",
]

[[package]]
name = "bootloader_modules"
version = "0.1.0"
dependencies = [
 "memory_structs",
]

[[package]]
name = "by_address"
version = "1.0.4"
source = "registry+https://github.com/rust-lang/crates.io-index"
checksum = "e245704f60eb4eb45810d65cf14eb54d2eb50a6f3715fe2d7cd01ee905c2944f"

[[package]]
name = "byteorder"
version = "1.4.3"
source = "registry+https://github.com/rust-lang/crates.io-index"
checksum = "14c189c53d098945499cdfa7ecc63567cf3886b3332b312a5b4585d8d3a6a610"

[[package]]
name = "catch_unwind"
version = "0.1.0"
dependencies = [
 "log",
 "task",
 "unwind",
]

[[package]]
name = "cc"
version = "1.0.73"
source = "registry+https://github.com/rust-lang/crates.io-index"
checksum = "2fff2a6927b3bb87f9595d67196a70493f627687a71d87a0d692242c33f58c11"

[[package]]
name = "cfg-if"
version = "0.1.10"
source = "registry+https://github.com/rust-lang/crates.io-index"
checksum = "4785bdd1c96b2a846b2bd7cc02e86b6b3dbf14e7e53446c4f54c92a361040822"

[[package]]
name = "cfg-if"
version = "1.0.0"
source = "registry+https://github.com/rust-lang/crates.io-index"
checksum = "baf1de4339761588bc0619e3cbc0120ee582ebb74b53b4efbf79117bd2da40fd"

[[package]]
name = "color"
version = "0.1.0"

[[package]]
name = "compositor"
version = "0.1.0"
dependencies = [
 "framebuffer",
 "shapes",
]

[[package]]
name = "const_format"
version = "0.2.26"
source = "registry+https://github.com/rust-lang/crates.io-index"
checksum = "939dc9e2eb9077e0679d2ce32de1ded8531779360b003b4a972a7a39ec263495"
dependencies = [
 "const_format_proc_macros",
]

[[package]]
name = "const_format_proc_macros"
version = "0.2.22"
source = "registry+https://github.com/rust-lang/crates.io-index"
checksum = "ef196d5d972878a48da7decb7686eded338b4858fbabeed513d63a7c98b2b82d"
dependencies = [
 "proc-macro2",
 "quote",
 "unicode-xid",
]

[[package]]
name = "context_switch"
version = "0.1.0"
dependencies = [
 "cfg-if 0.1.10",
 "context_switch_avx",
 "context_switch_regular",
 "context_switch_sse",
]

[[package]]
name = "context_switch_avx"
version = "0.1.0"
dependencies = [
 "context_switch_regular",
 "zerocopy",
]

[[package]]
name = "context_switch_regular"
version = "0.1.0"
dependencies = [
 "zerocopy",
]

[[package]]
name = "context_switch_sse"
version = "0.1.0"
dependencies = [
 "context_switch_regular",
 "zerocopy",
]

[[package]]
name = "convert_case"
version = "0.4.0"
source = "registry+https://github.com/rust-lang/crates.io-index"
checksum = "6245d59a3e82a7fc217c5828a6692dbc6dfb63a0c8c90495621f7b9d79704a0e"

[[package]]
name = "core2"
version = "0.4.0"
dependencies = [
 "memchr",
]

[[package]]
name = "cortex-m"
version = "0.7.5"
source = "registry+https://github.com/rust-lang/crates.io-index"
checksum = "cd20d4ac4aa86f4f75f239d59e542ef67de87cce2c282818dc6e84155d3ea126"
dependencies = [
 "bare-metal",
 "bitfield",
 "embedded-hal",
 "volatile-register",
]

[[package]]
name = "cow_arc"
version = "0.1.0"
dependencies = [
 "owning_ref",
 "spin 0.9.0",
]

[[package]]
name = "crate_metadata"
version = "0.1.0"
dependencies = [
 "cow_arc",
 "fs_node",
 "goblin",
 "hashbrown",
 "log",
 "memory",
 "qp-trie",
 "serde",
 "spin 0.9.0",
 "str_ref",
 "xmas-elf",
]

[[package]]
name = "crate_name_utils"
version = "0.1.0"
dependencies = [
 "crate_metadata",
 "itertools",
 "path",
]

[[package]]
name = "crate_swap"
version = "0.1.0"
dependencies = [
 "by_address",
 "fs_node",
 "hashbrown",
 "hpet",
 "lazy_static",
 "log",
 "memory",
 "mod_mgmt",
 "path",
 "qp-trie",
 "spin 0.9.0",
]

[[package]]
name = "crossbeam-utils"
version = "0.8.11"
source = "registry+https://github.com/rust-lang/crates.io-index"
checksum = "51887d4adc7b564537b15adcfb307936f8075dfcd5f00dde9a9f1d29383682bc"
dependencies = [
 "cfg-if 1.0.0",
]

[[package]]
name = "cstr_core"
version = "0.2.6"
source = "registry+https://github.com/rust-lang/crates.io-index"
checksum = "dd98742e4fdca832d40cab219dc2e3048de17d873248f83f17df47c1bea70956"
dependencies = [
 "cty",
 "memchr",
]

[[package]]
name = "cty"
version = "0.2.2"
source = "registry+https://github.com/rust-lang/crates.io-index"
checksum = "b365fabc795046672053e29c954733ec3b05e4be654ab130fe8f1f94d7051f35"

[[package]]
name = "debugit"
version = "0.1.0"

[[package]]
name = "delegate"
version = "0.6.2"
source = "registry+https://github.com/rust-lang/crates.io-index"
checksum = "35c47a31748d9cfa641f6cccb3608385fafe261ba36054f3d40d5a3ca11eb1af"
dependencies = [
 "proc-macro2",
 "quote",
 "syn",
]

[[package]]
name = "derive_more"
version = "0.99.17"
source = "registry+https://github.com/rust-lang/crates.io-index"
checksum = "4fb810d30a7c1953f91334de7244731fc3f3c10d7fe163338a35b9f640960321"
dependencies = [
 "convert_case",
 "proc-macro2",
 "quote",
 "rustc_version 0.4.0",
 "syn",
]

[[package]]
name = "dfqueue"
version = "0.1.0"

[[package]]
name = "displayable"
version = "0.1.0"
dependencies = [
 "color",
 "framebuffer",
 "shapes",
 "spin 0.9.0",
]

[[package]]
name = "dmar"
version = "0.1.0"
dependencies = [
 "acpi_table",
 "log",
 "memory",
 "sdt",
 "static_assertions",
 "zerocopy",
]

[[package]]
name = "either"
version = "1.7.0"
source = "registry+https://github.com/rust-lang/crates.io-index"
checksum = "3f107b87b6afc2a64fd13cac55fe06d6c8859f12d4b14cbcdd2c67d0976781be"

[[package]]
name = "embedded-hal"
version = "0.2.7"
source = "registry+https://github.com/rust-lang/crates.io-index"
checksum = "35949884794ad573cf46071e41c9b60efb0cb311e3ca01f7af807af1debc66ff"
dependencies = [
 "nb 0.1.3",
 "void",
]

[[package]]
name = "entryflags_x86_64"
version = "0.1.0"
dependencies = [
 "bitflags",
 "multiboot2",
 "static_assertions",
 "xmas-elf",
]

[[package]]
name = "environment"
version = "0.1.0"
dependencies = [
 "fs_node",
 "hashbrown",
 "path",
 "root",
]

[[package]]
name = "event_types"
version = "0.1.0"
dependencies = [
 "keycodes_ascii",
 "mouse_data",
 "shapes",
]

[[package]]
name = "exceptions_early"
version = "0.1.0"
dependencies = [
 "gdt",
 "locked_idt",
 "memory",
 "mod_mgmt",
 "spin 0.9.0",
 "tss",
 "vga_buffer",
 "x86_64",
]

[[package]]
name = "external_unwind_info"
version = "0.1.0"
dependencies = [
 "lazy_static",
 "log",
 "memory",
 "spin 0.9.0",
]

[[package]]
name = "fadt"
version = "0.1.0"
dependencies = [
 "acpi_table",
 "memory",
 "sdt",
 "zerocopy",
]

[[package]]
name = "fallible-iterator"
version = "0.2.0"
source = "registry+https://github.com/rust-lang/crates.io-index"
checksum = "4443176a9f2c162692bd3d352d745ef9413eec5782a80d8fd6f8a1ac692a07f7"

[[package]]
name = "fault_crate_swap"
version = "0.1.0"
dependencies = [
 "crate_swap",
 "fault_log",
 "fs_node",
 "log",
 "memory",
 "mod_mgmt",
 "path",
 "task",
]

[[package]]
name = "fault_log"
version = "0.1.0"
dependencies = [
 "apic",
 "irq_safety",
 "lazy_static",
 "log",
 "memory",
 "print",
 "task",
 "vga_buffer",
]

[[package]]
name = "font"
version = "0.1.0"
dependencies = [
 "spin 0.9.0",
]

[[package]]
name = "frame_allocator"
version = "0.1.0"
dependencies = [
 "intrusive-collections",
 "kernel_config",
 "log",
 "memory_structs",
 "page_table_entry",
 "spin 0.9.0",
 "static_assertions",
]

[[package]]
name = "framebuffer"
version = "0.1.0"
dependencies = [
 "color",
 "log",
 "memory",
 "multicore_bringup",
 "owning_ref",
 "shapes",
 "zerocopy",
]

[[package]]
name = "framebuffer_compositor"
version = "0.1.0"
dependencies = [
 "compositor",
 "framebuffer",
 "hashbrown",
 "lazy_static",
 "shapes",
 "spin 0.9.0",
]

[[package]]
name = "framebuffer_drawer"
version = "0.1.0"
dependencies = [
 "framebuffer",
 "shapes",
]

[[package]]
name = "framebuffer_printer"
version = "0.1.0"
dependencies = [
 "font",
 "framebuffer",
 "shapes",
]

[[package]]
name = "fs_node"
version = "0.1.0"
dependencies = [
 "io",
 "lazy_static",
 "log",
 "memory",
 "spin 0.9.0",
]

[[package]]
name = "gdt"
version = "0.1.0"
dependencies = [
 "atomic_linked_list",
 "bit_field 0.7.0",
 "bitflags",
 "lazy_static",
 "log",
 "memory",
 "spin 0.9.0",
 "tss",
 "x86_64",
]

[[package]]
name = "getrandom"
version = "0.2.7"
source = "registry+https://github.com/rust-lang/crates.io-index"
checksum = "4eb1a864a501629691edf6c15a593b7a51eebaa1e8468e9ddc623de7c9b58ec6"
dependencies = [
 "cfg-if 1.0.0",
 "libc",
 "wasi",
]

[[package]]
name = "gimli"
version = "0.25.0"
source = "registry+https://github.com/rust-lang/crates.io-index"
checksum = "f0a01e0497841a3b2db4f8afa483cce65f7e96a3498bd6c541734792aeac8fe7"

[[package]]
name = "goblin"
version = "0.0.19"
source = "registry+https://github.com/rust-lang/crates.io-index"
checksum = "c65cd533b33e3d04c6e393225fa8919ddfcf5862ca8919c7f9a167c312ef41c2"
dependencies = [
 "plain",
 "scroll",
]

[[package]]
name = "hashbrown"
version = "0.11.2"
source = "registry+https://github.com/rust-lang/crates.io-index"
checksum = "ab5ef0d4909ef3724cc8cce6ccc8572c5c817592e9285f5464f8e86f8bd3726e"
dependencies = [
 "ahash",
 "serde",
]

[[package]]
name = "heap"
version = "0.1.0"
dependencies = [
 "block_allocator",
 "irq_safety",
 "kernel_config",
 "log",
 "memory",
 "spin 0.9.0",
]

[[package]]
name = "hpet"
version = "0.1.0"
dependencies = [
 "acpi_table",
 "kernel_config",
 "log",
 "memory",
 "owning_ref",
 "sdt",
 "spin 0.9.0",
 "volatile 0.2.7",
 "zerocopy",
]

[[package]]
name = "interrupts"
version = "0.1.0"
dependencies = [
 "apic",
 "exceptions_early",
 "gdt",
 "irq_safety",
 "kernel_config",
 "keyboard",
 "lazy_static",
 "locked_idt",
 "log",
 "memory",
 "mouse",
 "pic",
 "pit_clock",
 "port_io",
 "ps2",
 "scheduler",
 "sleep",
 "spin 0.9.0",
 "task",
 "tlb_shootdown",
 "tss",
 "vga_buffer",
 "x86_64",
]

[[package]]
name = "intrusive-collections"
version = "0.9.4"
source = "registry+https://github.com/rust-lang/crates.io-index"
checksum = "bfe531a7789d7120f3e17d4f3f2cd95f54418ba7354f60b7b622b6644a07888a"
dependencies = [
 "memoffset",
]

[[package]]
name = "io"
version = "0.1.0"
dependencies = [
 "core2",
 "delegate",
 "lazy_static",
 "lockable",
 "log",
 "spin 0.9.0",
]

[[package]]
name = "ioapic"
version = "0.1.0"
dependencies = [
 "atomic_linked_list",
 "lazy_static",
 "log",
 "memory",
 "owning_ref",
 "spin 0.9.0",
 "volatile 0.2.7",
 "zerocopy",
]

[[package]]
name = "iommu"
version = "0.1.0"
dependencies = [
 "bitflags",
 "irq_safety",
 "log",
 "memory",
 "owning_ref",
 "spin 0.9.0",
 "static_assertions",
 "volatile 0.2.7",
 "zerocopy",
]

[[package]]
name = "irq_safety"
version = "0.1.1"
source = "git+https://github.com/theseus-os/irq_safety#d6be450ef6487052e5b6b174d679b77f26f93b48"
dependencies = [
 "cortex-m",
 "owning_ref",
 "spin 0.9.0",
 "stable_deref_trait",
]

[[package]]
name = "itertools"
version = "0.7.11"
source = "registry+https://github.com/rust-lang/crates.io-index"
checksum = "0d47946d458e94a1b7bcabbf6521ea7c037062c81f534615abcad76e84d4970d"
dependencies = [
 "either",
]

[[package]]
name = "kernel_config"
version = "0.1.0"

[[package]]
name = "keyboard"
version = "0.1.0"
dependencies = [
 "event_types",
 "keycodes_ascii",
 "log",
 "mpmc",
 "ps2",
 "spin 0.9.0",
]

[[package]]
name = "keycodes_ascii"
version = "0.1.0"
dependencies = [
 "bitflags",
]

[[package]]
name = "lazy_static"
version = "1.4.0"
source = "registry+https://github.com/rust-lang/crates.io-index"
checksum = "e2abad23fbc42b3700f2f279844dc832adb2b2eb069b2df918f455c4e18cc646"
dependencies = [
 "spin 0.5.2",
]

[[package]]
name = "libc"
version = "0.2.127"
source = "git+https://github.com/theseus-os/libc?branch=theseus#32f6c23ac80c9ea9b93c4377f15f407964d16c44"

[[package]]
name = "libterm"
version = "0.1.0"
dependencies = [
 "color",
 "dfqueue",
 "displayable",
 "environment",
 "event_types",
 "font",
 "framebuffer",
 "framebuffer_drawer",
 "framebuffer_printer",
 "log",
 "print",
 "root",
 "shapes",
 "text_display",
 "tsc",
 "window",
 "window_manager",
]

[[package]]
name = "libtheseus"
version = "0.1.0"
dependencies = [
 "app_io",
 "core2",
 "heap",
 "panic_entry",
]

[[package]]
name = "linked_list_allocator"
version = "0.9.1"
source = "registry+https://github.com/rust-lang/crates.io-index"
checksum = "549ce1740e46b291953c4340adcd74c59bcf4308f4cac050fd33ba91b7168f4a"

[[package]]
name = "lock_api"
version = "0.4.7"
source = "registry+https://github.com/rust-lang/crates.io-index"
checksum = "327fa5b6a6940e4699ec49a9beae1ea4845c6bab9314e4f84ac68742139d8c53"
dependencies = [
 "autocfg",
 "scopeguard",
]

[[package]]
name = "lockable"
version = "0.1.0"
dependencies = [
 "irq_safety",
 "spin 0.9.0",
]

[[package]]
name = "locked_idt"
version = "0.1.0"
dependencies = [
 "irq_safety",
 "x86_64",
]

[[package]]
name = "log"
version = "0.4.17"
source = "registry+https://github.com/rust-lang/crates.io-index"
checksum = "abb12e687cfb44aa40f41fc3978ef76448f9b6038cad6aef4259d3c095a2382e"
dependencies = [
 "cfg-if 1.0.0",
]

[[package]]
name = "logger"
version = "0.1.0"
dependencies = [
 "irq_safety",
 "log",
 "serial_port_basic",
 "spin 0.9.0",
]

[[package]]
name = "madt"
version = "0.1.0"
dependencies = [
 "acpi_table",
 "apic",
 "ioapic",
 "irq_safety",
 "log",
 "memory",
 "pic",
 "sdt",
 "zerocopy",
]

[[package]]
name = "memchr"
version = "2.5.0"
source = "registry+https://github.com/rust-lang/crates.io-index"
checksum = "2dffe52ecf27772e601905b7522cb4ef790d2cc203488bbd0e2fe85fcb74566d"

[[package]]
name = "memfs"
version = "0.1.0"
dependencies = [
 "fs_node",
 "io",
 "irq_safety",
 "log",
 "memory",
 "spin 0.9.0",
]

[[package]]
name = "memoffset"
version = "0.5.6"
source = "registry+https://github.com/rust-lang/crates.io-index"
checksum = "043175f069eda7b85febe4a74abbaeff828d9f8b448515d3151a14a3542811aa"
dependencies = [
 "autocfg",
]

[[package]]
name = "memory"
version = "0.1.0"
dependencies = [
 "atomic_linked_list",
 "bit_field 0.7.0",
 "bitflags",
 "frame_allocator",
 "irq_safety",
 "kernel_config",
 "lazy_static",
 "log",
 "memory_structs",
 "memory_x86_64",
 "multiboot2",
 "page_allocator",
 "page_table_entry",
 "spin 0.9.0",
 "x86_64",
 "xmas-elf",
 "zerocopy",
]

[[package]]
name = "memory_structs"
version = "0.1.0"
dependencies = [
 "bit_field 0.7.0",
 "derive_more",
 "entryflags_x86_64",
 "kernel_config",
 "multiboot2",
 "paste",
 "xmas-elf",
 "zerocopy",
]

[[package]]
name = "memory_x86_64"
version = "0.1.0"
dependencies = [
 "entryflags_x86_64",
 "kernel_config",
 "log",
 "memory_structs",
 "multiboot2",
 "x86_64",
]

[[package]]
name = "mod_mgmt"
version = "0.1.0"
dependencies = [
 "bincode",
 "bootloader_modules",
 "const_format",
 "cow_arc",
 "crate_metadata",
 "crate_name_utils",
 "cstr_core",
 "fs_node",
 "hashbrown",
 "kernel_config",
 "lazy_static",
 "log",
 "memfs",
 "memory",
 "path",
 "qp-trie",
 "rangemap",
 "root",
 "rustc-demangle",
 "serde",
 "spin 0.9.0",
 "util",
 "vfs_node",
 "xmas-elf",
]

[[package]]
name = "mouse"
version = "0.1.0"
dependencies = [
 "event_types",
 "log",
 "mouse_data",
 "mpmc",
 "ps2",
 "spin 0.9.0",
]

[[package]]
name = "mouse_data"
version = "0.1.0"

[[package]]
name = "mpmc"
version = "0.1.6"
source = "registry+https://github.com/rust-lang/crates.io-index"
checksum = "bf78b1242a953be96e01b5f8ed8ffdfc8055c0a2b779899b3835e5d27a69dced"

[[package]]
name = "msr"
version = "0.1.0"

[[package]]
name = "multiboot2"
version = "0.14.0"
source = "registry+https://github.com/rust-lang/crates.io-index"
checksum = "e6170b6f12ea75d8d0f5621e3ed780b041a666c4a5b904c77261fe343d0e798d"
dependencies = [
 "bitflags",
]

[[package]]
name = "multicore_bringup"
version = "0.1.0"
dependencies = [
 "acpi",
 "ap_start",
 "apic",
 "irq_safety",
 "kernel_config",
 "log",
 "madt",
 "memory",
 "mod_mgmt",
 "pause",
 "pit_clock",
 "spin 0.9.0",
 "stack",
 "volatile 0.2.7",
 "zerocopy",
]

[[package]]
name = "nb"
version = "0.1.3"
source = "registry+https://github.com/rust-lang/crates.io-index"
checksum = "801d31da0513b6ec5214e9bf433a77966320625a37860f910be265be6e18d06f"
dependencies = [
 "nb 1.0.0",
]

[[package]]
name = "nb"
version = "1.0.0"
source = "registry+https://github.com/rust-lang/crates.io-index"
checksum = "546c37ac5d9e56f55e73b677106873d9d9f5190605e41a856503623648488cae"

[[package]]
name = "new_debug_unreachable"
version = "1.0.4"
source = "registry+https://github.com/rust-lang/crates.io-index"
checksum = "e4a24736216ec316047a1fc4252e27dabb04218aa4a3f37c6e7ddbf1f9782b54"

[[package]]
name = "once_cell"
version = "1.13.0"
source = "registry+https://github.com/rust-lang/crates.io-index"
checksum = "18a6dbe30758c9f83eb00cbea4ac95966305f5a7772f3f42ebfc7fc7eddbd8e1"

[[package]]
name = "owning_ref"
version = "0.4.1"
source = "git+https://github.com/theseus-os/owning-ref-rs.git#0d2dcdcffd75b80157d0e72fb82593a8696a9c49"
dependencies = [
 "spin 0.9.0",
 "stable_deref_trait",
]

[[package]]
name = "page_allocator"
version = "0.1.0"
dependencies = [
 "intrusive-collections",
 "kernel_config",
 "log",
 "memory_structs",
 "spin 0.9.0",
 "static_assertions",
]

[[package]]
name = "page_table_entry"
version = "0.1.0"
dependencies = [
 "bit_field 0.7.0",
 "kernel_config",
 "memory_structs",
 "zerocopy",
]

[[package]]
name = "panic_entry"
version = "0.1.0"
dependencies = [
 "log",
 "memory",
 "mod_mgmt",
 "panic_wrapper",
 "unwind",
 "vga_buffer",
]

[[package]]
name = "panic_wrapper"
version = "0.1.0"
dependencies = [
 "fault_log",
 "log",
 "memory",
 "mod_mgmt",
 "runqueue",
 "stack_trace",
 "stack_trace_frame_pointers",
 "task",
 "unwind",
]

[[package]]
name = "paste"
version = "1.0.8"
source = "registry+https://github.com/rust-lang/crates.io-index"
checksum = "9423e2b32f7a043629287a536f21951e8c6a82482d0acb1eeebfc90bc2225b22"

[[package]]
name = "path"
version = "0.1.0"
dependencies = [
 "fs_node",
 "lazy_static",
 "log",
 "root",
 "spin 0.9.0",
 "vfs_node",
]

[[package]]
name = "pause"
version = "0.1.0"

[[package]]
name = "pic"
version = "0.1.0"
dependencies = [
 "log",
 "port_io",
]

[[package]]
name = "pit_clock"
version = "0.1.0"
dependencies = [
 "log",
 "port_io",
 "spin 0.9.0",
]

[[package]]
name = "plain"
version = "0.2.3"
source = "registry+https://github.com/rust-lang/crates.io-index"
checksum = "b4596b6d070b27117e987119b4dac604f3c58cfb0b191112e24771b2faeac1a6"

[[package]]
name = "port_io"
version = "0.2.1"

[[package]]
name = "print"
version = "0.1.0"
dependencies = [
 "dfqueue",
 "event_types",
 "log",
 "spin 0.9.0",
]

[[package]]
name = "proc-macro2"
version = "1.0.43"
source = "registry+https://github.com/rust-lang/crates.io-index"
checksum = "0a2ca2c61bc9f3d74d2886294ab7b9853abd9c1ad903a3ac7815c58989bb7bab"
dependencies = [
 "unicode-ident",
]

[[package]]
name = "ps2"
version = "0.1.0"
dependencies = [
 "log",
 "port_io",
 "spin 0.9.0",
]

[[package]]
name = "qp-trie"
version = "0.8.0"
source = "registry+https://github.com/rust-lang/crates.io-index"
checksum = "a075ecba64154fed5429568c9c6a0e0eccc3276209e93e6133206413ea6834b4"
dependencies = [
 "new_debug_unreachable",
 "unreachable",
]

[[package]]
name = "quote"
version = "1.0.21"
source = "registry+https://github.com/rust-lang/crates.io-index"
checksum = "bbe448f377a7d6961e30f5955f9b8d106c3f5e449d493ee1b125c1d43c2b5179"
dependencies = [
 "proc-macro2",
]

[[package]]
name = "rangemap"
version = "0.1.14"
source = "registry+https://github.com/rust-lang/crates.io-index"
checksum = "3929836cb64d09ee7deee59635c3d9bffbc1c0373e247efff6272abd62a11baa"

[[package]]
name = "raw-cpuid"
version = "7.0.4"
source = "registry+https://github.com/rust-lang/crates.io-index"
checksum = "beb71f708fe39b2c5e98076204c3cc094ee5a4c12c4cdb119a2b72dc34164f41"
dependencies = [
 "bitflags",
 "cc",
 "rustc_version 0.2.3",
]

[[package]]
name = "root"
version = "0.1.0"
dependencies = [
 "fs_node",
 "lazy_static",
 "log",
 "spin 0.9.0",
]

[[package]]
name = "rsdp"
version = "0.1.0"
dependencies = [
 "memory",
 "owning_ref",
 "zerocopy",
]

[[package]]
name = "rsdt"
version = "0.1.0"
dependencies = [
 "acpi_table",
 "memory",
 "sdt",
]

[[package]]
name = "runqueue"
version = "0.1.0"
dependencies = [
 "atomic_linked_list",
 "cfg-if 1.0.0",
 "irq_safety",
 "lazy_static",
 "log",
 "runqueue_priority",
 "runqueue_realtime",
 "runqueue_round_robin",
 "single_simd_task_optimization",
 "task",
]

[[package]]
name = "runqueue_priority"
version = "0.1.0"
dependencies = [
 "atomic_linked_list",
 "irq_safety",
 "lazy_static",
 "log",
 "single_simd_task_optimization",
 "task",
]

[[package]]
name = "runqueue_realtime"
version = "0.1.0"
dependencies = [
 "atomic_linked_list",
 "irq_safety",
 "lazy_static",
 "log",
 "task",
]

[[package]]
name = "runqueue_round_robin"
version = "0.1.0"
dependencies = [
 "atomic_linked_list",
 "irq_safety",
 "lazy_static",
 "log",
 "single_simd_task_optimization",
 "task",
]

[[package]]
name = "rustc-demangle"
version = "0.1.21"
source = "registry+https://github.com/rust-lang/crates.io-index"
checksum = "7ef03e0a2b150c7a90d01faf6254c9c48a41e95fb2a8c2ac1c6f0d2b9aefc342"

[[package]]
name = "rustc_version"
version = "0.2.3"
source = "registry+https://github.com/rust-lang/crates.io-index"
checksum = "138e3e0acb6c9fb258b19b67cb8abd63c00679d2851805ea151465464fe9030a"
dependencies = [
 "semver 0.9.0",
]

[[package]]
name = "rustc_version"
version = "0.4.0"
source = "registry+https://github.com/rust-lang/crates.io-index"
checksum = "bfa0f585226d2e68097d4f95d113b15b83a82e819ab25717ec0590d9584ef366"
dependencies = [
 "semver 1.0.13",
]

[[package]]
name = "rustversion"
version = "1.0.9"
source = "registry+https://github.com/rust-lang/crates.io-index"
checksum = "97477e48b4cf8603ad5f7aaf897467cf42ab4218a38ef76fb14c2d6773a6d6a8"

[[package]]
name = "scheduler"
version = "0.1.0"
dependencies = [
 "apic",
 "cfg-if 1.0.0",
 "irq_safety",
 "log",
 "runqueue",
 "scheduler_priority",
 "scheduler_realtime",
 "scheduler_round_robin",
 "spin 0.9.0",
 "task",
]

[[package]]
name = "scheduler_priority"
version = "0.1.0"
dependencies = [
 "log",
 "runqueue",
 "runqueue_priority",
 "spin 0.9.0",
 "task",
]

[[package]]
name = "scheduler_realtime"
version = "0.1.0"
dependencies = [
 "log",
 "runqueue_realtime",
 "task",
]

[[package]]
name = "scheduler_round_robin"
version = "0.1.0"
dependencies = [
 "log",
 "runqueue",
 "runqueue_round_robin",
 "spin 0.9.0",
 "task",
]

[[package]]
name = "scopeguard"
version = "1.1.0"
source = "registry+https://github.com/rust-lang/crates.io-index"
checksum = "d29ab0c6d3fc0ee92fe66e2d99f700eab17a8d57d1c1d3b748380fb20baa78cd"

[[package]]
name = "scroll"
version = "0.9.2"
source = "registry+https://github.com/rust-lang/crates.io-index"
checksum = "2f84d114ef17fd144153d608fba7c446b0145d038985e7a8cc5d08bb0ce20383"
dependencies = [
 "rustc_version 0.2.3",
]

[[package]]
name = "sdt"
version = "0.1.0"
dependencies = [
 "static_assertions",
 "zerocopy",
]

[[package]]
name = "semver"
version = "0.9.0"
source = "registry+https://github.com/rust-lang/crates.io-index"
checksum = "1d7eb9ef2c18661902cc47e535f9bc51b78acd254da71d375c2f6720d9a40403"
dependencies = [
 "semver-parser",
]

[[package]]
name = "semver"
version = "1.0.13"
source = "registry+https://github.com/rust-lang/crates.io-index"
checksum = "93f6841e709003d68bb2deee8c343572bf446003ec20a583e76f7b15cebf3711"

[[package]]
name = "semver-parser"
version = "0.7.0"
source = "registry+https://github.com/rust-lang/crates.io-index"
checksum = "388a1df253eca08550bef6c72392cfe7c30914bf41df5269b68cbd6ff8f570a3"

[[package]]
name = "serde"
version = "1.0.142"
source = "registry+https://github.com/rust-lang/crates.io-index"
checksum = "e590c437916fb6b221e1d00df6e3294f3fccd70ca7e92541c475d6ed6ef5fee2"
dependencies = [
 "serde_derive",
]

[[package]]
name = "serde_derive"
version = "1.0.142"
source = "registry+https://github.com/rust-lang/crates.io-index"
checksum = "34b5b8d809babe02f538c2cfec6f2c1ed10804c0e5a6a041a049a4f5588ccc2e"
dependencies = [
 "proc-macro2",
 "quote",
 "syn",
]

[[package]]
name = "serial_port_basic"
version = "0.1.0"
dependencies = [
 "irq_safety",
 "port_io",
 "spin 0.9.0",
]

[[package]]
name = "shapes"
version = "0.1.0"

[[package]]
name = "single_simd_task_optimization"
version = "0.1.0"
dependencies = [
 "cfg-if 0.1.10",
 "log",
 "task",
]

[[package]]
name = "sleep"
version = "0.1.0"
dependencies = [
 "irq_safety",
 "lazy_static",
 "scheduler",
 "task",
]

[[package]]
name = "spawn"
version = "0.1.0"
dependencies = [
 "apic",
 "catch_unwind",
 "context_switch",
 "debugit",
 "fault_crate_swap",
 "fault_log",
 "fs_node",
 "irq_safety",
 "lazy_static",
 "log",
 "memory",
 "mod_mgmt",
 "path",
 "pause",
 "runqueue",
 "scheduler",
 "stack",
 "task",
 "thread_local_macro",
]

[[package]]
name = "spin"
version = "0.5.2"
source = "registry+https://github.com/rust-lang/crates.io-index"
checksum = "6e63cff320ae2c57904679ba7cb63280a3dc4613885beafb148ee7bf9aa9042d"

[[package]]
name = "spin"
version = "0.9.0"
source = "git+https://github.com/theseus-os/spin-rs#f6ffb27cb15ba30bc088c477550cb600db25a3a3"
dependencies = [
 "lock_api",
]

[[package]]
name = "stable_deref_trait"
version = "1.1.1"
source = "git+https://github.com/theseus-os/stable_deref_trait.git?branch=spin#e006c79280042e27c4f16c7d29633eb2273752ee"
dependencies = [
 "spin 0.9.0",
]

[[package]]
name = "stack"
version = "0.1.0"
dependencies = [
 "kernel_config",
 "log",
 "memory",
 "memory_structs",
 "page_allocator",
 "spin 0.9.0",
]

[[package]]
name = "stack_trace"
version = "0.1.0"
dependencies = [
 "fallible-iterator",
 "log",
 "mod_mgmt",
 "task",
 "unwind",
]

[[package]]
name = "stack_trace_frame_pointers"
version = "0.1.0"
dependencies = [
 "cfg-if 0.1.10",
 "memory",
]

[[package]]
name = "static_assertions"
version = "1.1.0"
source = "registry+https://github.com/rust-lang/crates.io-index"
checksum = "a2eb9349b6444b326872e140eb1cf5e7c522154d69e7a0ffb0fb81c06b37543f"

[[package]]
name = "stdio"
version = "0.1.0"
dependencies = [
 "core2",
 "keycodes_ascii",
 "spin 0.9.0",
]

[[package]]
name = "str_ref"
version = "0.1.0"

[[package]]
name = "syn"
version = "1.0.99"
source = "registry+https://github.com/rust-lang/crates.io-index"
checksum = "58dbef6ec655055e20b86b15a8cc6d439cca19b667537ac6a1369572d151ab13"
dependencies = [
 "proc-macro2",
 "quote",
 "unicode-ident",
]

[[package]]
name = "synstructure"
version = "0.12.6"
source = "registry+https://github.com/rust-lang/crates.io-index"
checksum = "f36bdaa60a83aca3921b5259d5400cbf5e90fc51931376a9bd4a0eb79aa7210f"
dependencies = [
 "proc-macro2",
 "quote",
 "syn",
 "unicode-xid",
]

[[package]]
name = "task"
version = "0.1.0"
dependencies = [
 "context_switch",
 "crossbeam-utils",
 "environment",
 "irq_safety",
 "kernel_config",
 "lazy_static",
 "log",
 "memory",
 "mod_mgmt",
 "root",
 "spin 0.9.0",
 "stack",
 "static_assertions",
 "tss",
 "x86_64",
]

[[package]]
name = "text_display"
version = "0.1.0"
dependencies = [
 "color",
 "displayable",
 "font",
 "framebuffer",
 "framebuffer_printer",
 "shapes",
 "spin 0.9.0",
]

[[package]]
name = "thread_local_macro"
version = "0.1.0"
dependencies = [
 "static_assertions",
]

[[package]]
name = "tlb_shootdown"
version = "0.1.0"
dependencies = [
 "apic",
 "irq_safety",
 "log",
 "memory",
 "pause",
 "x86_64",
]

[[package]]
name = "tsc"
version = "0.1.0"
dependencies = [
 "log",
 "pit_clock",
]

[[package]]
name = "tss"
version = "0.1.0"
dependencies = [
 "apic",
 "atomic_linked_list",
 "lazy_static",
 "log",
 "memory",
 "spin 0.9.0",
 "x86_64",
]

[[package]]
name = "unicode-ident"
version = "1.0.3"
source = "registry+https://github.com/rust-lang/crates.io-index"
checksum = "c4f5b37a154999a8f3f98cc23a628d850e154479cd94decf3414696e12e31aaf"

[[package]]
name = "unicode-xid"
version = "0.2.3"
source = "registry+https://github.com/rust-lang/crates.io-index"
checksum = "957e51f3646910546462e67d5f7599b9e4fb8acdd304b087a6494730f9eebf04"

[[package]]
name = "unreachable"
version = "1.0.0"
source = "registry+https://github.com/rust-lang/crates.io-index"
checksum = "382810877fe448991dfc7f0dd6e3ae5d58088fd0ea5e35189655f84e6814fa56"
dependencies = [
 "void",
]

[[package]]
name = "unwind"
version = "0.1.0"
dependencies = [
 "external_unwind_info",
 "fallible-iterator",
 "gimli",
 "interrupts",
 "log",
 "memory",
 "mod_mgmt",
 "task",
]

[[package]]
name = "util"
version = "0.1.0"

[[package]]
name = "vcell"
version = "0.1.3"
source = "registry+https://github.com/rust-lang/crates.io-index"
checksum = "77439c1b53d2303b20d9459b1ade71a83c716e3f9c34f3228c00e6f185d6c002"

[[package]]
name = "version_check"
version = "0.9.4"
source = "registry+https://github.com/rust-lang/crates.io-index"
checksum = "49874b5167b65d7193b8aba1567f5c7d93d001cafc34600cee003eda787e483f"

[[package]]
name = "vfs_node"
version = "0.1.0"
dependencies = [
 "fs_node",
 "log",
 "memory",
 "spin 0.9.0",
]

[[package]]
name = "vga_buffer"
version = "0.1.0"
dependencies = [
 "kernel_config",
 "logger",
 "spin 0.9.0",
 "volatile 0.2.7",
]

[[package]]
name = "void"
version = "1.0.2"
source = "registry+https://github.com/rust-lang/crates.io-index"
checksum = "6a02e4885ed3bc0f2de90ea6dd45ebcbb66dacffe03547fadbb0eeae2770887d"

[[package]]
name = "volatile"
version = "0.2.7"
source = "git+https://github.com/theseus-os/volatile#73a307a2906c9f67fa4b951ce858d642c2fa669b"
dependencies = [
 "zerocopy",
]

[[package]]
name = "volatile"
version = "0.4.5"
source = "registry+https://github.com/rust-lang/crates.io-index"
checksum = "e3ca98349dda8a60ae74e04fd90c7fb4d6a4fbe01e6d3be095478aa0b76f6c0c"

[[package]]
name = "volatile-register"
version = "0.2.1"
source = "registry+https://github.com/rust-lang/crates.io-index"
checksum = "9ee8f19f9d74293faf70901bc20ad067dc1ad390d2cbf1e3f75f721ffee908b6"
dependencies = [
 "vcell",
]

[[package]]
name = "wasi"
version = "0.11.0+wasi-snapshot-preview1"
source = "registry+https://github.com/rust-lang/crates.io-index"
checksum = "9c8d87e72b64a3b4db28d11ce29237c246188f4f51057d65a7eab63b7987e423"

[[package]]
name = "window"
version = "0.1.0"
dependencies = [
 "color",
 "event_types",
 "framebuffer",
 "framebuffer_drawer",
 "log",
 "mouse",
 "mpmc",
 "owning_ref",
 "path",
 "shapes",
 "spawn",
 "spin 0.9.0",
 "window_inner",
 "window_manager",
]

[[package]]
name = "window_inner"
version = "0.1.0"
dependencies = [
 "event_types",
 "framebuffer",
 "mpmc",
 "shapes",
]

[[package]]
name = "window_manager"
version = "0.1.0"
dependencies = [
 "color",
 "compositor",
 "event_types",
 "font",
 "framebuffer",
 "framebuffer_compositor",
 "framebuffer_drawer",
 "keycodes_ascii",
 "lazy_static",
 "log",
 "mod_mgmt",
 "mouse_data",
 "mpmc",
 "path",
 "scheduler",
 "shapes",
 "spawn",
 "spin 0.9.0",
 "window_inner",
]

[[package]]
name = "x86_64"
version = "0.14.10"
source = "registry+https://github.com/rust-lang/crates.io-index"
checksum = "100555a863c0092238c2e0e814c1096c1e5cf066a309c696a87e907b5f8c5d69"
dependencies = [
 "bit_field 0.10.1",
 "bitflags",
 "rustversion",
 "volatile 0.4.5",
]

[[package]]
name = "xmas-elf"
version = "0.6.2"
source = "git+https://github.com/theseus-os/xmas-elf.git#635d55f6886ae3fe0ec8a78e0bcc1238224c903d"
dependencies = [
 "zero",
]

[[package]]
name = "zero"
version = "0.1.3"
source = "git+https://github.com/theseus-os/zero.git#9fc7ff523138a21f40359b706d2d6bf91deafc62"

[[package]]
name = "zerocopy"
version = "0.5.0"
source = "registry+https://github.com/rust-lang/crates.io-index"
checksum = "5e59ec1d2457bd6c0dd89b50e7d9d6b0b647809bf3f0a59ac85557046950b7b2"
dependencies = [
 "byteorder",
 "zerocopy-derive",
]

[[package]]
name = "zerocopy-derive"
version = "0.3.1"
source = "registry+https://github.com/rust-lang/crates.io-index"
checksum = "a0fbc82b82efe24da867ee52e015e58178684bd9dd64c34e66bdf21da2582a9f"
dependencies = [
 "proc-macro2",
 "syn",
 "synstructure",
]

[[patch.unused]]
name = "getopts"
version = "0.2.21"
source = "git+https://github.com/theseus-os/getopts#da1e04828d3ecd6adc90e2da61e2e3cccc7ca97c"

[[patch.unused]]
name = "smoltcp"
version = "0.8.0"
source = "git+https://github.com/m-labs/smoltcp#0708c1e483be59b8857378c44fda4d55137ae98a"
