# This file is automatically @generated by Cargo.
# It is not intended for manual editing.
[[package]]
name = "irq_safety"
version = "0.1.1"
source = "git+https://github.com/kevinaboos/irq_safety#b80ccd4f0c8428c968e9be2e39901c22f13f10ed"
dependencies = [
 "owning_ref",
 "spin",
 "stable_deref_trait",
]

[[package]]
name = "libtheseus"
version = "0.1.0"
dependencies = [
 "rlibc",
 "serial_port",
]

[[package]]
name = "owning_ref"
version = "0.4.0"
source = "git+https://github.com/kevinaboos/owning-ref-rs.git#03db99a3707a5d7c9e376800498c94c88a877d15"
dependencies = [
 "spin",
 "stable_deref_trait",
]

[[package]]
name = "port_io"
version = "0.2.1"

[[package]]
name = "rlibc"
version = "1.0.0"
source = "registry+https://github.com/rust-lang/crates.io-index"
checksum = "fc874b127765f014d792f16763a81245ab80500e2ad921ed4ee9e82481ee08fe"

[[package]]
name = "serial_port"
version = "0.1.0"
dependencies = [
 "irq_safety",
 "port_io",
]

[[package]]
name = "spin"
version = "0.4.10"
source = "registry+https://github.com/rust-lang/crates.io-index"
checksum = "ceac490aa12c567115b40b7b7fceca03a6c9d53d5defea066123debc83c5dc1f"

[[package]]
name = "stable_deref_trait"
version = "1.1.1"
source = "git+https://github.com/kevinaboos/stable_deref_trait.git?branch=spin#82478940fa89747f48523bfbcb0ab700fd1cbe7b"
dependencies = [
 "spin",
]
