# This file is automatically @generated by Cargo.
# It is not intended for manual editing.
version = 3

[[package]]
name = "compiler_builtins"
version = "0.1.103"
source = "registry+https://github.com/rust-lang/crates.io-index"
checksum = "a3b73c3443a5fd2438d7ba4853c64e4c8efc2404a9e28a9234cc2d5eebc6c242"

[[package]]
name = "rustc-std-workspace-alloc"
version = "1.0.0"
source = "registry+https://github.com/rust-lang/crates.io-index"
checksum = "ff66d57013a5686e1917ed6a025d54dd591fcda71a41fe07edf4d16726aefa86"

[[package]]
name = "rustc-std-workspace-core"
version = "1.0.0"
source = "registry+https://github.com/rust-lang/crates.io-index"
checksum = "1956f5517128a2b6f23ab2dadf1a976f4f5b27962e7724c2bf3d45e539ec098c"

[[package]]
name = "theseus-shim"
version = "0.1.0"
dependencies = [
 "rustc-std-workspace-alloc",
 "rustc-std-workspace-core",
 "theseus_ffi",
]

[[package]]
name = "theseus_ffi"
version = "0.1.0"
dependencies = [
 "compiler_builtins",
 "rustc-std-workspace-alloc",
 "rustc-std-workspace-core",
]
